// !$*UTF8*$!
{
	archiveVersion = 1;
	classes = {
	};
	objectVersion = 46;
	objects = {

/* Begin PBXBuildFile section */
		E703C8C71CDB55590026BB1E /* CGGeometry+VBCategory.m in Sources */ = {isa = PBXBuildFile; fileRef = E703C8BD1CDB55580026BB1E /* CGGeometry+VBCategory.m */; };
		E703C8C81CDB55590026BB1E /* UIView+VBCategory.m in Sources */ = {isa = PBXBuildFile; fileRef = E703C8C01CDB55590026BB1E /* UIView+VBCategory.m */; };
		E703C8C91CDB55590026BB1E /* UIViewController+VBCategory.m in Sources */ = {isa = PBXBuildFile; fileRef = E703C8C31CDB55590026BB1E /* UIViewController+VBCategory.m */; };
		E703C8CA1CDB55590026BB1E /* UIWindow+VBCategory.m in Sources */ = {isa = PBXBuildFile; fileRef = E703C8C61CDB55590026BB1E /* UIWindow+VBCategory.m */; };
		E703C8E11CDB55AF0026BB1E /* VBLabelView.m in Sources */ = {isa = PBXBuildFile; fileRef = E703C8D41CDB55AF0026BB1E /* VBLabelView.m */; };
		E703C8E21CDB55AF0026BB1E /* VBLableViewController.m in Sources */ = {isa = PBXBuildFile; fileRef = E703C8D61CDB55AF0026BB1E /* VBLableViewController.m */; };
		E703C8E31CDB55AF0026BB1E /* VBLableViewController.xib in Resources */ = {isa = PBXBuildFile; fileRef = E703C8D71CDB55AF0026BB1E /* VBLableViewController.xib */; };
		E703C8E41CDB55AF0026BB1E /* VBStringView.m in Sources */ = {isa = PBXBuildFile; fileRef = E703C8DC1CDB55AF0026BB1E /* VBStringView.m */; };
		E703C8E51CDB55AF0026BB1E /* VBStringViewController.m in Sources */ = {isa = PBXBuildFile; fileRef = E703C8DE1CDB55AF0026BB1E /* VBStringViewController.m */; };
		E703C8E61CDB55AF0026BB1E /* VBStringViewController.xib in Resources */ = {isa = PBXBuildFile; fileRef = E703C8DF1CDB55AF0026BB1E /* VBStringViewController.xib */; };
		E703C8EA1CDB55EF0026BB1E /* VBAppDelegate.m in Sources */ = {isa = PBXBuildFile; fileRef = E703C8E91CDB55EF0026BB1E /* VBAppDelegate.m */; };
		E703C8F71CDB59E80026BB1E /* VBTableViewCell.m in Sources */ = {isa = PBXBuildFile; fileRef = E703C8F51CDB59E80026BB1E /* VBTableViewCell.m */; };
		E703C8F81CDB59E80026BB1E /* VBTableViewCell.xib in Resources */ = {isa = PBXBuildFile; fileRef = E703C8F61CDB59E80026BB1E /* VBTableViewCell.xib */; };
		E703C8FC1CDB68850026BB1E /* project.logo.png in Resources */ = {isa = PBXBuildFile; fileRef = E703C8FB1CDB68850026BB1E /* project.logo.png */; };
		E70561D21CDBC56500B042DA /* NSString+VBCategory.m in Sources */ = {isa = PBXBuildFile; fileRef = E70561D11CDBC56500B042DA /* NSString+VBCategory.m */; };
		E70561D91CDBD96E00B042DA /* UITableView+VBCategory.m in Sources */ = {isa = PBXBuildFile; fileRef = E70561D81CDBD96D00B042DA /* UITableView+VBCategory.m */; };
		E70AD1771CE32B1900D0770F /* VBObserver.m in Sources */ = {isa = PBXBuildFile; fileRef = E70AD16E1CE32B1700D0770F /* VBObserver.m */; };
		E70AD1781CE32B1900D0770F /* VBObserverArray.m in Sources */ = {isa = PBXBuildFile; fileRef = E70AD1721CE32B1700D0770F /* VBObserverArray.m */; };
		E70AD1791CE32B1900D0770F /* VBObserverObject.m in Sources */ = {isa = PBXBuildFile; fileRef = E70AD1741CE32B1700D0770F /* VBObserverObject.m */; };
		E70AD17A1CE32B1900D0770F /* VBObserverStateObject.m in Sources */ = {isa = PBXBuildFile; fileRef = E70AD1761CE32B1700D0770F /* VBObserverStateObject.m */; };
		E71FEC0D1CCD455C0009C204 /* iOS Study Plan.txt in Resources */ = {isa = PBXBuildFile; fileRef = E71FEC0C1CCD455C0009C204 /* iOS Study Plan.txt */; };
		E7417DD81CE0B2D30049953A /* VBArrayAlphabet.m in Sources */ = {isa = PBXBuildFile; fileRef = E7417DD11CE0B2D30049953A /* VBArrayAlphabet.m */; };
		E7417DD91CE0B2D30049953A /* VBRangeAlphabet.m in Sources */ = {isa = PBXBuildFile; fileRef = E7417DD31CE0B2D30049953A /* VBRangeAlphabet.m */; };
		E7417DDA1CE0B2D30049953A /* VBStringAlphabet.m in Sources */ = {isa = PBXBuildFile; fileRef = E7417DD51CE0B2D30049953A /* VBStringAlphabet.m */; };
		E7417DDB1CE0B2D30049953A /* VBAlphabet.m in Sources */ = {isa = PBXBuildFile; fileRef = E7417DD71CE0B2D30049953A /* VBAlphabet.m */; };
		E7417DE11CE0B4390049953A /* VBStringModel.m in Sources */ = {isa = PBXBuildFile; fileRef = E7417DE01CE0B4390049953A /* VBStringModel.m */; };
		E7417DE41CE0B4540049953A /* VBArrayModel.m in Sources */ = {isa = PBXBuildFile; fileRef = E7417DE31CE0B4540049953A /* VBArrayModel.m */; };
		E755815A1CE4DF3A0094998E /* VBStateModel.m in Sources */ = {isa = PBXBuildFile; fileRef = E75581591CE4DF3A0094998E /* VBStateModel.m */; };
		E76DB4F31CDFEBF500275FFE /* UINib+VBCategory.m in Sources */ = {isa = PBXBuildFile; fileRef = E76DB4F21CDFEBF500275FFE /* UINib+VBCategory.m */; };
		E7F718FF1CC6CF8000A90B54 /* main.m in Sources */ = {isa = PBXBuildFile; fileRef = E7F718FE1CC6CF8000A90B54 /* main.m */; };
		E7F7190A1CC6CF8000A90B54 /* Assets.xcassets in Resources */ = {isa = PBXBuildFile; fileRef = E7F719091CC6CF8000A90B54 /* Assets.xcassets */; };
		E7F7190D1CC6CF8000A90B54 /* LaunchScreen.storyboard in Resources */ = {isa = PBXBuildFile; fileRef = E7F7190B1CC6CF8000A90B54 /* LaunchScreen.storyboard */; };
/* End PBXBuildFile section */

/* Begin PBXFileReference section */
		E703C8BC1CDB55580026BB1E /* CGGeometry+VBCategory.h */ = {isa = PBXFileReference; fileEncoding = 4; lastKnownFileType = sourcecode.c.h; path = "CGGeometry+VBCategory.h"; sourceTree = "<group>"; };
		E703C8BD1CDB55580026BB1E /* CGGeometry+VBCategory.m */ = {isa = PBXFileReference; fileEncoding = 4; lastKnownFileType = sourcecode.c.objc; path = "CGGeometry+VBCategory.m"; sourceTree = "<group>"; };
		E703C8BF1CDB55590026BB1E /* UIView+VBCategory.h */ = {isa = PBXFileReference; fileEncoding = 4; lastKnownFileType = sourcecode.c.h; path = "UIView+VBCategory.h"; sourceTree = "<group>"; };
		E703C8C01CDB55590026BB1E /* UIView+VBCategory.m */ = {isa = PBXFileReference; fileEncoding = 4; lastKnownFileType = sourcecode.c.objc; path = "UIView+VBCategory.m"; sourceTree = "<group>"; };
		E703C8C21CDB55590026BB1E /* UIViewController+VBCategory.h */ = {isa = PBXFileReference; fileEncoding = 4; lastKnownFileType = sourcecode.c.h; path = "UIViewController+VBCategory.h"; sourceTree = "<group>"; };
		E703C8C31CDB55590026BB1E /* UIViewController+VBCategory.m */ = {isa = PBXFileReference; fileEncoding = 4; lastKnownFileType = sourcecode.c.objc; path = "UIViewController+VBCategory.m"; sourceTree = "<group>"; };
		E703C8C51CDB55590026BB1E /* UIWindow+VBCategory.h */ = {isa = PBXFileReference; fileEncoding = 4; lastKnownFileType = sourcecode.c.h; path = "UIWindow+VBCategory.h"; sourceTree = "<group>"; };
		E703C8C61CDB55590026BB1E /* UIWindow+VBCategory.m */ = {isa = PBXFileReference; fileEncoding = 4; lastKnownFileType = sourcecode.c.objc; path = "UIWindow+VBCategory.m"; sourceTree = "<group>"; };
		E703C8D31CDB55AF0026BB1E /* VBLabelView.h */ = {isa = PBXFileReference; fileEncoding = 4; lastKnownFileType = sourcecode.c.h; path = VBLabelView.h; sourceTree = "<group>"; };
		E703C8D41CDB55AF0026BB1E /* VBLabelView.m */ = {isa = PBXFileReference; fileEncoding = 4; lastKnownFileType = sourcecode.c.objc; path = VBLabelView.m; sourceTree = "<group>"; };
		E703C8D51CDB55AF0026BB1E /* VBLableViewController.h */ = {isa = PBXFileReference; fileEncoding = 4; lastKnownFileType = sourcecode.c.h; path = VBLableViewController.h; sourceTree = "<group>"; };
		E703C8D61CDB55AF0026BB1E /* VBLableViewController.m */ = {isa = PBXFileReference; fileEncoding = 4; lastKnownFileType = sourcecode.c.objc; path = VBLableViewController.m; sourceTree = "<group>"; };
		E703C8D71CDB55AF0026BB1E /* VBLableViewController.xib */ = {isa = PBXFileReference; fileEncoding = 4; lastKnownFileType = file.xib; path = VBLableViewController.xib; sourceTree = "<group>"; };
		E703C8DB1CDB55AF0026BB1E /* VBStringView.h */ = {isa = PBXFileReference; fileEncoding = 4; lastKnownFileType = sourcecode.c.h; path = VBStringView.h; sourceTree = "<group>"; };
		E703C8DC1CDB55AF0026BB1E /* VBStringView.m */ = {isa = PBXFileReference; fileEncoding = 4; lastKnownFileType = sourcecode.c.objc; path = VBStringView.m; sourceTree = "<group>"; };
		E703C8DD1CDB55AF0026BB1E /* VBStringViewController.h */ = {isa = PBXFileReference; fileEncoding = 4; lastKnownFileType = sourcecode.c.h; path = VBStringViewController.h; sourceTree = "<group>"; };
		E703C8DE1CDB55AF0026BB1E /* VBStringViewController.m */ = {isa = PBXFileReference; fileEncoding = 4; lastKnownFileType = sourcecode.c.objc; path = VBStringViewController.m; sourceTree = "<group>"; };
		E703C8DF1CDB55AF0026BB1E /* VBStringViewController.xib */ = {isa = PBXFileReference; fileEncoding = 4; lastKnownFileType = file.xib; path = VBStringViewController.xib; sourceTree = "<group>"; };
		E703C8E81CDB55EF0026BB1E /* VBAppDelegate.h */ = {isa = PBXFileReference; fileEncoding = 4; lastKnownFileType = sourcecode.c.h; path = VBAppDelegate.h; sourceTree = "<group>"; };
		E703C8E91CDB55EF0026BB1E /* VBAppDelegate.m */ = {isa = PBXFileReference; fileEncoding = 4; lastKnownFileType = sourcecode.c.objc; path = VBAppDelegate.m; sourceTree = "<group>"; };
		E703C8EC1CDB56300026BB1E /* VBMacroHeaderIOS.h */ = {isa = PBXFileReference; fileEncoding = 4; lastKnownFileType = sourcecode.c.h; path = VBMacroHeaderIOS.h; sourceTree = "<group>"; };
		E703C8F41CDB59E80026BB1E /* VBTableViewCell.h */ = {isa = PBXFileReference; fileEncoding = 4; lastKnownFileType = sourcecode.c.h; path = VBTableViewCell.h; sourceTree = "<group>"; };
		E703C8F51CDB59E80026BB1E /* VBTableViewCell.m */ = {isa = PBXFileReference; fileEncoding = 4; lastKnownFileType = sourcecode.c.objc; path = VBTableViewCell.m; sourceTree = "<group>"; };
		E703C8F61CDB59E80026BB1E /* VBTableViewCell.xib */ = {isa = PBXFileReference; fileEncoding = 4; lastKnownFileType = file.xib; path = VBTableViewCell.xib; sourceTree = "<group>"; };
		E703C8FB1CDB68850026BB1E /* project.logo.png */ = {isa = PBXFileReference; lastKnownFileType = image.png; path = project.logo.png; sourceTree = "<group>"; };
		E70561D01CDBC56500B042DA /* NSString+VBCategory.h */ = {isa = PBXFileReference; fileEncoding = 4; lastKnownFileType = sourcecode.c.h; path = "NSString+VBCategory.h"; sourceTree = "<group>"; };
		E70561D11CDBC56500B042DA /* NSString+VBCategory.m */ = {isa = PBXFileReference; fileEncoding = 4; lastKnownFileType = sourcecode.c.objc; path = "NSString+VBCategory.m"; sourceTree = "<group>"; };
		E70561D71CDBD96D00B042DA /* UITableView+VBCategory.h */ = {isa = PBXFileReference; fileEncoding = 4; lastKnownFileType = sourcecode.c.h; path = "UITableView+VBCategory.h"; sourceTree = "<group>"; };
		E70561D81CDBD96D00B042DA /* UITableView+VBCategory.m */ = {isa = PBXFileReference; fileEncoding = 4; lastKnownFileType = sourcecode.c.objc; path = "UITableView+VBCategory.m"; sourceTree = "<group>"; };
		E70AD16D1CE32B1700D0770F /* VBObserver.h */ = {isa = PBXFileReference; fileEncoding = 4; lastKnownFileType = sourcecode.c.h; path = VBObserver.h; sourceTree = "<group>"; };
		E70AD16E1CE32B1700D0770F /* VBObserver.m */ = {isa = PBXFileReference; fileEncoding = 4; lastKnownFileType = sourcecode.c.objc; path = VBObserver.m; sourceTree = "<group>"; };
		E70AD16F1CE32B1700D0770F /* VBObserverProtocol.h */ = {isa = PBXFileReference; fileEncoding = 4; lastKnownFileType = sourcecode.c.h; path = VBObserverProtocol.h; sourceTree = "<group>"; };
		E70AD1711CE32B1700D0770F /* VBObserverArray.h */ = {isa = PBXFileReference; fileEncoding = 4; lastKnownFileType = sourcecode.c.h; path = VBObserverArray.h; sourceTree = "<group>"; };
		E70AD1721CE32B1700D0770F /* VBObserverArray.m */ = {isa = PBXFileReference; fileEncoding = 4; lastKnownFileType = sourcecode.c.objc; path = VBObserverArray.m; sourceTree = "<group>"; };
		E70AD1731CE32B1700D0770F /* VBObserverObject.h */ = {isa = PBXFileReference; fileEncoding = 4; lastKnownFileType = sourcecode.c.h; path = VBObserverObject.h; sourceTree = "<group>"; };
		E70AD1741CE32B1700D0770F /* VBObserverObject.m */ = {isa = PBXFileReference; fileEncoding = 4; lastKnownFileType = sourcecode.c.objc; path = VBObserverObject.m; sourceTree = "<group>"; };
		E70AD1751CE32B1700D0770F /* VBObserverStateObject.h */ = {isa = PBXFileReference; fileEncoding = 4; lastKnownFileType = sourcecode.c.h; path = VBObserverStateObject.h; sourceTree = "<group>"; };
		E70AD1761CE32B1700D0770F /* VBObserverStateObject.m */ = {isa = PBXFileReference; fileEncoding = 4; lastKnownFileType = sourcecode.c.objc; path = VBObserverStateObject.m; sourceTree = "<group>"; };
		E717BDEF1CC979D9003D14CF /* VBIOSProject-Prefix.pch */ = {isa = PBXFileReference; lastKnownFileType = sourcecode.c.h; path = "VBIOSProject-Prefix.pch"; sourceTree = "<group>"; };
		E71FEC0C1CCD455C0009C204 /* iOS Study Plan.txt */ = {isa = PBXFileReference; fileEncoding = 4; lastKnownFileType = text; path = "iOS Study Plan.txt"; sourceTree = "<group>"; };
		E7417DD01CE0B2D30049953A /* VBArrayAlphabet.h */ = {isa = PBXFileReference; fileEncoding = 4; lastKnownFileType = sourcecode.c.h; path = VBArrayAlphabet.h; sourceTree = "<group>"; };
		E7417DD11CE0B2D30049953A /* VBArrayAlphabet.m */ = {isa = PBXFileReference; fileEncoding = 4; lastKnownFileType = sourcecode.c.objc; path = VBArrayAlphabet.m; sourceTree = "<group>"; };
		E7417DD21CE0B2D30049953A /* VBRangeAlphabet.h */ = {isa = PBXFileReference; fileEncoding = 4; lastKnownFileType = sourcecode.c.h; path = VBRangeAlphabet.h; sourceTree = "<group>"; };
		E7417DD31CE0B2D30049953A /* VBRangeAlphabet.m */ = {isa = PBXFileReference; fileEncoding = 4; lastKnownFileType = sourcecode.c.objc; path = VBRangeAlphabet.m; sourceTree = "<group>"; };
		E7417DD41CE0B2D30049953A /* VBStringAlphabet.h */ = {isa = PBXFileReference; fileEncoding = 4; lastKnownFileType = sourcecode.c.h; path = VBStringAlphabet.h; sourceTree = "<group>"; };
		E7417DD51CE0B2D30049953A /* VBStringAlphabet.m */ = {isa = PBXFileReference; fileEncoding = 4; lastKnownFileType = sourcecode.c.objc; path = VBStringAlphabet.m; sourceTree = "<group>"; };
		E7417DD61CE0B2D30049953A /* VBAlphabet.h */ = {isa = PBXFileReference; fileEncoding = 4; lastKnownFileType = sourcecode.c.h; path = VBAlphabet.h; sourceTree = "<group>"; };
		E7417DD71CE0B2D30049953A /* VBAlphabet.m */ = {isa = PBXFileReference; fileEncoding = 4; lastKnownFileType = sourcecode.c.objc; path = VBAlphabet.m; sourceTree = "<group>"; };
		E7417DDF1CE0B4390049953A /* VBStringModel.h */ = {isa = PBXFileReference; fileEncoding = 4; lastKnownFileType = sourcecode.c.h; path = VBStringModel.h; sourceTree = "<group>"; };
		E7417DE01CE0B4390049953A /* VBStringModel.m */ = {isa = PBXFileReference; fileEncoding = 4; lastKnownFileType = sourcecode.c.objc; path = VBStringModel.m; sourceTree = "<group>"; };
		E7417DE21CE0B4540049953A /* VBArrayModel.h */ = {isa = PBXFileReference; fileEncoding = 4; lastKnownFileType = sourcecode.c.h; path = VBArrayModel.h; sourceTree = "<group>"; };
		E7417DE31CE0B4540049953A /* VBArrayModel.m */ = {isa = PBXFileReference; fileEncoding = 4; lastKnownFileType = sourcecode.c.objc; path = VBArrayModel.m; sourceTree = "<group>"; };
		E75581581CE4DF3A0094998E /* VBStateModel.h */ = {isa = PBXFileReference; fileEncoding = 4; lastKnownFileType = sourcecode.c.h; path = VBStateModel.h; sourceTree = "<group>"; };
		E75581591CE4DF3A0094998E /* VBStateModel.m */ = {isa = PBXFileReference; fileEncoding = 4; lastKnownFileType = sourcecode.c.objc; path = VBStateModel.m; sourceTree = "<group>"; };
		E76DB4F11CDFEBF500275FFE /* UINib+VBCategory.h */ = {isa = PBXFileReference; fileEncoding = 4; lastKnownFileType = sourcecode.c.h; path = "UINib+VBCategory.h"; sourceTree = "<group>"; };
		E76DB4F21CDFEBF500275FFE /* UINib+VBCategory.m */ = {isa = PBXFileReference; fileEncoding = 4; lastKnownFileType = sourcecode.c.objc; path = "UINib+VBCategory.m"; sourceTree = "<group>"; };
		E7F718FA1CC6CF8000A90B54 /* IOSProject.app */ = {isa = PBXFileReference; explicitFileType = wrapper.application; includeInIndex = 0; path = IOSProject.app; sourceTree = BUILT_PRODUCTS_DIR; };
		E7F718FE1CC6CF8000A90B54 /* main.m */ = {isa = PBXFileReference; lastKnownFileType = sourcecode.c.objc; path = main.m; sourceTree = "<group>"; };
		E7F719091CC6CF8000A90B54 /* Assets.xcassets */ = {isa = PBXFileReference; lastKnownFileType = folder.assetcatalog; path = Assets.xcassets; sourceTree = "<group>"; };
		E7F7190C1CC6CF8000A90B54 /* Base */ = {isa = PBXFileReference; lastKnownFileType = file.storyboard; name = Base; path = Base.lproj/LaunchScreen.storyboard; sourceTree = "<group>"; };
		E7F7190E1CC6CF8000A90B54 /* Info.plist */ = {isa = PBXFileReference; lastKnownFileType = text.plist.xml; path = Info.plist; sourceTree = "<group>"; };
/* End PBXFileReference section */

/* Begin PBXFrameworksBuildPhase section */
		E7F718F71CC6CF8000A90B54 /* Frameworks */ = {
			isa = PBXFrameworksBuildPhase;
			buildActionMask = 2147483647;
			files = (
			);
			runOnlyForDeploymentPostprocessing = 0;
		};
/* End PBXFrameworksBuildPhase section */

/* Begin PBXGroup section */
		E7032F2A1CDA8BF800399F7A /* Resource */ = {
			isa = PBXGroup;
			children = (
				E703C8FB1CDB68850026BB1E /* project.logo.png */,
			);
			path = Resource;
			sourceTree = "<group>";
		};
		E703C8BA1CDB55580026BB1E /* VBCategory */ = {
			isa = PBXGroup;
			children = (
				E76DB4F01CDFEBD800275FFE /* UINib+VBCategory */,
				E70561D61CDBD95000B042DA /* UITableView+VBCategory */,
				E7059ACC1CDBBC8F00F2AEC6 /* NSString+VBCategory */,
				E703C8BB1CDB55580026BB1E /* CGGeometry+VBCategory */,
				E703C8BE1CDB55590026BB1E /* UIView+VBCategory */,
				E703C8C11CDB55590026BB1E /* UIViewController+VBCategory */,
				E703C8C41CDB55590026BB1E /* UIWindow+ VBCategory */,
			);
			path = VBCategory;
			sourceTree = "<group>";
		};
		E703C8BB1CDB55580026BB1E /* CGGeometry+VBCategory */ = {
			isa = PBXGroup;
			children = (
				E703C8BC1CDB55580026BB1E /* CGGeometry+VBCategory.h */,
				E703C8BD1CDB55580026BB1E /* CGGeometry+VBCategory.m */,
			);
			path = "CGGeometry+VBCategory";
			sourceTree = "<group>";
		};
		E703C8BE1CDB55590026BB1E /* UIView+VBCategory */ = {
			isa = PBXGroup;
			children = (
				E703C8BF1CDB55590026BB1E /* UIView+VBCategory.h */,
				E703C8C01CDB55590026BB1E /* UIView+VBCategory.m */,
			);
			path = "UIView+VBCategory";
			sourceTree = "<group>";
		};
		E703C8C11CDB55590026BB1E /* UIViewController+VBCategory */ = {
			isa = PBXGroup;
			children = (
				E703C8C21CDB55590026BB1E /* UIViewController+VBCategory.h */,
				E703C8C31CDB55590026BB1E /* UIViewController+VBCategory.m */,
			);
			path = "UIViewController+VBCategory";
			sourceTree = "<group>";
		};
		E703C8C41CDB55590026BB1E /* UIWindow+ VBCategory */ = {
			isa = PBXGroup;
			children = (
				E703C8C51CDB55590026BB1E /* UIWindow+VBCategory.h */,
				E703C8C61CDB55590026BB1E /* UIWindow+VBCategory.m */,
			);
			path = "UIWindow+ VBCategory";
			sourceTree = "<group>";
		};
		E703C8CB1CDB55AF0026BB1E /* Source */ = {
			isa = PBXGroup;
			children = (
				E703C8CC1CDB55AF0026BB1E /* VBModels */,
				E703C8CD1CDB55AF0026BB1E /* VBUI */,
			);
			path = Source;
			sourceTree = "<group>";
		};
		E703C8CC1CDB55AF0026BB1E /* VBModels */ = {
			isa = PBXGroup;
			children = (
				E75581541CE4D6D60094998E /* VBStateModel */,
				E7417DDE1CE0B3B70049953A /* VBStringModel */,
				E7417DDD1CE0B3AD0049953A /* VBArrayModel */,
			);
			path = VBModels;
			sourceTree = "<group>";
		};
		E703C8CD1CDB55AF0026BB1E /* VBUI */ = {
			isa = PBXGroup;
			children = (
				E703C8D91CDB55AF0026BB1E /* VBStringViewController */,
				E703C8D11CDB55AF0026BB1E /* VBLableViewController */,
			);
			path = VBUI;
			sourceTree = "<group>";
		};
		E703C8D11CDB55AF0026BB1E /* VBLableViewController */ = {
			isa = PBXGroup;
			children = (
				E703C8D21CDB55AF0026BB1E /* VBLabelView */,
				E703C8D51CDB55AF0026BB1E /* VBLableViewController.h */,
				E703C8D61CDB55AF0026BB1E /* VBLableViewController.m */,
				E703C8D71CDB55AF0026BB1E /* VBLableViewController.xib */,
			);
			path = VBLableViewController;
			sourceTree = "<group>";
		};
		E703C8D21CDB55AF0026BB1E /* VBLabelView */ = {
			isa = PBXGroup;
			children = (
				E703C8D31CDB55AF0026BB1E /* VBLabelView.h */,
				E703C8D41CDB55AF0026BB1E /* VBLabelView.m */,
			);
			path = VBLabelView;
			sourceTree = "<group>";
		};
		E703C8D91CDB55AF0026BB1E /* VBStringViewController */ = {
			isa = PBXGroup;
			children = (
				E703C8F31CDB59E80026BB1E /* VBTableViewCell */,
				E703C8DA1CDB55AF0026BB1E /* VBStringView */,
				E703C8DD1CDB55AF0026BB1E /* VBStringViewController.h */,
				E703C8DE1CDB55AF0026BB1E /* VBStringViewController.m */,
				E703C8DF1CDB55AF0026BB1E /* VBStringViewController.xib */,
			);
			path = VBStringViewController;
			sourceTree = "<group>";
		};
		E703C8DA1CDB55AF0026BB1E /* VBStringView */ = {
			isa = PBXGroup;
			children = (
				E703C8DB1CDB55AF0026BB1E /* VBStringView.h */,
				E703C8DC1CDB55AF0026BB1E /* VBStringView.m */,
			);
			path = VBStringView;
			sourceTree = "<group>";
		};
		E703C8E71CDB55EF0026BB1E /* VBAppDelegate */ = {
			isa = PBXGroup;
			children = (
				E703C8E81CDB55EF0026BB1E /* VBAppDelegate.h */,
				E703C8E91CDB55EF0026BB1E /* VBAppDelegate.m */,
			);
			path = VBAppDelegate;
			sourceTree = "<group>";
		};
		E703C8EB1CDB56300026BB1E /* VBMacro */ = {
			isa = PBXGroup;
			children = (
				E703C8EC1CDB56300026BB1E /* VBMacroHeaderIOS.h */,
			);
			path = VBMacro;
			sourceTree = "<group>";
		};
		E703C8F31CDB59E80026BB1E /* VBTableViewCell */ = {
			isa = PBXGroup;
			children = (
				E703C8F41CDB59E80026BB1E /* VBTableViewCell.h */,
				E703C8F51CDB59E80026BB1E /* VBTableViewCell.m */,
				E703C8F61CDB59E80026BB1E /* VBTableViewCell.xib */,
			);
			path = VBTableViewCell;
			sourceTree = "<group>";
		};
		E70561D61CDBD95000B042DA /* UITableView+VBCategory */ = {
			isa = PBXGroup;
			children = (
				E70561D71CDBD96D00B042DA /* UITableView+VBCategory.h */,
				E70561D81CDBD96D00B042DA /* UITableView+VBCategory.m */,
			);
			path = "UITableView+VBCategory";
			sourceTree = "<group>";
		};
		E7059ACC1CDBBC8F00F2AEC6 /* NSString+VBCategory */ = {
			isa = PBXGroup;
			children = (
				E70561D01CDBC56500B042DA /* NSString+VBCategory.h */,
				E70561D11CDBC56500B042DA /* NSString+VBCategory.m */,
			);
			path = "NSString+VBCategory";
			sourceTree = "<group>";
		};
		E70AD16C1CE32B1700D0770F /* VBObserver */ = {
			isa = PBXGroup;
			children = (
				E70AD16D1CE32B1700D0770F /* VBObserver.h */,
				E70AD16E1CE32B1700D0770F /* VBObserver.m */,
				E70AD16F1CE32B1700D0770F /* VBObserverProtocol.h */,
				E70AD1701CE32B1700D0770F /* VBPrivate */,
			);
			path = VBObserver;
			sourceTree = "<group>";
		};
		E70AD1701CE32B1700D0770F /* VBPrivate */ = {
			isa = PBXGroup;
			children = (
				E70AD1711CE32B1700D0770F /* VBObserverArray.h */,
				E70AD1721CE32B1700D0770F /* VBObserverArray.m */,
				E70AD1731CE32B1700D0770F /* VBObserverObject.h */,
				E70AD1741CE32B1700D0770F /* VBObserverObject.m */,
				E70AD1751CE32B1700D0770F /* VBObserverStateObject.h */,
				E70AD1761CE32B1700D0770F /* VBObserverStateObject.m */,
			);
			path = VBPrivate;
			sourceTree = "<group>";
		};
		E7417DCD1CE0B2900049953A /* VBLibrary */ = {
			isa = PBXGroup;
			children = (
				E70AD16C1CE32B1700D0770F /* VBObserver */,
				E7417DCE1CE0B2D30049953A /* VBAlphabet */,
			);
			path = VBLibrary;
			sourceTree = "<group>";
		};
		E7417DCE1CE0B2D30049953A /* VBAlphabet */ = {
			isa = PBXGroup;
			children = (
				E7417DCF1CE0B2D30049953A /* PrivateMethods */,
				E7417DD61CE0B2D30049953A /* VBAlphabet.h */,
				E7417DD71CE0B2D30049953A /* VBAlphabet.m */,
			);
			path = VBAlphabet;
			sourceTree = "<group>";
		};
		E7417DCF1CE0B2D30049953A /* PrivateMethods */ = {
			isa = PBXGroup;
			children = (
				E7417DD01CE0B2D30049953A /* VBArrayAlphabet.h */,
				E7417DD11CE0B2D30049953A /* VBArrayAlphabet.m */,
				E7417DD21CE0B2D30049953A /* VBRangeAlphabet.h */,
				E7417DD31CE0B2D30049953A /* VBRangeAlphabet.m */,
				E7417DD41CE0B2D30049953A /* VBStringAlphabet.h */,
				E7417DD51CE0B2D30049953A /* VBStringAlphabet.m */,
			);
			path = PrivateMethods;
			sourceTree = "<group>";
		};
		E7417DDD1CE0B3AD0049953A /* VBArrayModel */ = {
			isa = PBXGroup;
			children = (
				E7417DE21CE0B4540049953A /* VBArrayModel.h */,
				E7417DE31CE0B4540049953A /* VBArrayModel.m */,
			);
			path = VBArrayModel;
			sourceTree = "<group>";
		};
		E7417DDE1CE0B3B70049953A /* VBStringModel */ = {
			isa = PBXGroup;
			children = (
				E7417DDF1CE0B4390049953A /* VBStringModel.h */,
				E7417DE01CE0B4390049953A /* VBStringModel.m */,
			);
			path = VBStringModel;
			sourceTree = "<group>";
		};
		E75581541CE4D6D60094998E /* VBStateModel */ = {
			isa = PBXGroup;
			children = (
				E75581581CE4DF3A0094998E /* VBStateModel.h */,
				E75581591CE4DF3A0094998E /* VBStateModel.m */,
			);
			path = VBStateModel;
			sourceTree = "<group>";
		};
		E76DB4F01CDFEBD800275FFE /* UINib+VBCategory */ = {
			isa = PBXGroup;
			children = (
				E76DB4F11CDFEBF500275FFE /* UINib+VBCategory.h */,
				E76DB4F21CDFEBF500275FFE /* UINib+VBCategory.m */,
			);
			path = "UINib+VBCategory";
			sourceTree = "<group>";
		};
		E7F718F11CC6CF8000A90B54 = {
			isa = PBXGroup;
			children = (
				E71FEC0C1CCD455C0009C204 /* iOS Study Plan.txt */,
				E7F718FC1CC6CF8000A90B54 /* IOSProject */,
				E7F718FB1CC6CF8000A90B54 /* Products */,
			);
			sourceTree = "<group>";
		};
		E7F718FB1CC6CF8000A90B54 /* Products */ = {
			isa = PBXGroup;
			children = (
				E7F718FA1CC6CF8000A90B54 /* IOSProject.app */,
			);
			name = Products;
			sourceTree = "<group>";
		};
		E7F718FC1CC6CF8000A90B54 /* IOSProject */ = {
			isa = PBXGroup;
			children = (
				E703C8CB1CDB55AF0026BB1E /* Source */,
				E703C8E71CDB55EF0026BB1E /* VBAppDelegate */,
				E7032F2A1CDA8BF800399F7A /* Resource */,
				E7417DCD1CE0B2900049953A /* VBLibrary */,
				E703C8BA1CDB55580026BB1E /* VBCategory */,
				E703C8EB1CDB56300026BB1E /* VBMacro */,
				E7F718FD1CC6CF8000A90B54 /* Supporting Files */,
			);
			path = IOSProject;
			sourceTree = "<group>";
		};
		E7F718FD1CC6CF8000A90B54 /* Supporting Files */ = {
			isa = PBXGroup;
			children = (
				E7F718FE1CC6CF8000A90B54 /* main.m */,
				E7F7190E1CC6CF8000A90B54 /* Info.plist */,
				E7F719091CC6CF8000A90B54 /* Assets.xcassets */,
				E7F7190B1CC6CF8000A90B54 /* LaunchScreen.storyboard */,
				E717BDEF1CC979D9003D14CF /* VBIOSProject-Prefix.pch */,
			);
			name = "Supporting Files";
			sourceTree = "<group>";
		};
/* End PBXGroup section */

/* Begin PBXNativeTarget section */
		E7F718F91CC6CF8000A90B54 /* IOSProject */ = {
			isa = PBXNativeTarget;
			buildConfigurationList = E7F719111CC6CF8000A90B54 /* Build configuration list for PBXNativeTarget "IOSProject" */;
			buildPhases = (
				E7F718F61CC6CF8000A90B54 /* Sources */,
				E7F718F71CC6CF8000A90B54 /* Frameworks */,
				E7F718F81CC6CF8000A90B54 /* Resources */,
			);
			buildRules = (
			);
			dependencies = (
			);
			name = IOSProject;
			productName = IOSProject;
			productReference = E7F718FA1CC6CF8000A90B54 /* IOSProject.app */;
			productType = "com.apple.product-type.application";
		};
/* End PBXNativeTarget section */

/* Begin PBXProject section */
		E7F718F21CC6CF8000A90B54 /* Project object */ = {
			isa = PBXProject;
			attributes = {
				LastUpgradeCheck = 0730;
				ORGANIZATIONNAME = "Vladimir Budniy";
				TargetAttributes = {
					E7F718F91CC6CF8000A90B54 = {
						CreatedOnToolsVersion = 7.3;
					};
				};
			};
			buildConfigurationList = E7F718F51CC6CF8000A90B54 /* Build configuration list for PBXProject "IOSProject" */;
			compatibilityVersion = "Xcode 3.2";
			developmentRegion = English;
			hasScannedForEncodings = 0;
			knownRegions = (
				en,
				Base,
			);
			mainGroup = E7F718F11CC6CF8000A90B54;
			productRefGroup = E7F718FB1CC6CF8000A90B54 /* Products */;
			projectDirPath = "";
			projectRoot = "";
			targets = (
				E7F718F91CC6CF8000A90B54 /* IOSProject */,
			);
		};
/* End PBXProject section */

/* Begin PBXResourcesBuildPhase section */
		E7F718F81CC6CF8000A90B54 /* Resources */ = {
			isa = PBXResourcesBuildPhase;
			buildActionMask = 2147483647;
			files = (
				E7F7190D1CC6CF8000A90B54 /* LaunchScreen.storyboard in Resources */,
				E703C8E31CDB55AF0026BB1E /* VBLableViewController.xib in Resources */,
				E7F7190A1CC6CF8000A90B54 /* Assets.xcassets in Resources */,
				E703C8F81CDB59E80026BB1E /* VBTableViewCell.xib in Resources */,
				E703C8FC1CDB68850026BB1E /* project.logo.png in Resources */,
				E703C8E61CDB55AF0026BB1E /* VBStringViewController.xib in Resources */,
				E71FEC0D1CCD455C0009C204 /* iOS Study Plan.txt in Resources */,
			);
			runOnlyForDeploymentPostprocessing = 0;
		};
/* End PBXResourcesBuildPhase section */

/* Begin PBXSourcesBuildPhase section */
		E7F718F61CC6CF8000A90B54 /* Sources */ = {
			isa = PBXSourcesBuildPhase;
			buildActionMask = 2147483647;
			files = (
				E70561D21CDBC56500B042DA /* NSString+VBCategory.m in Sources */,
				E703C8E41CDB55AF0026BB1E /* VBStringView.m in Sources */,
				E70AD17A1CE32B1900D0770F /* VBObserverStateObject.m in Sources */,
				E7417DE11CE0B4390049953A /* VBStringModel.m in Sources */,
				E70AD1781CE32B1900D0770F /* VBObserverArray.m in Sources */,
				E70AD1771CE32B1900D0770F /* VBObserver.m in Sources */,
				E703C8E21CDB55AF0026BB1E /* VBLableViewController.m in Sources */,
				E755815A1CE4DF3A0094998E /* VBStateModel.m in Sources */,
				E703C8F71CDB59E80026BB1E /* VBTableViewCell.m in Sources */,
				E7417DD81CE0B2D30049953A /* VBArrayAlphabet.m in Sources */,
				E703C8EA1CDB55EF0026BB1E /* VBAppDelegate.m in Sources */,
				E7417DDB1CE0B2D30049953A /* VBAlphabet.m in Sources */,
				E703C8C81CDB55590026BB1E /* UIView+VBCategory.m in Sources */,
				E7417DDA1CE0B2D30049953A /* VBStringAlphabet.m in Sources */,
				E7417DE41CE0B4540049953A /* VBArrayModel.m in Sources */,
				E703C8C71CDB55590026BB1E /* CGGeometry+VBCategory.m in Sources */,
				E703C8E11CDB55AF0026BB1E /* VBLabelView.m in Sources */,
				E7F718FF1CC6CF8000A90B54 /* main.m in Sources */,
				E70561D91CDBD96E00B042DA /* UITableView+VBCategory.m in Sources */,
				E703C8C91CDB55590026BB1E /* UIViewController+VBCategory.m in Sources */,
				E703C8CA1CDB55590026BB1E /* UIWindow+VBCategory.m in Sources */,
				E7417DD91CE0B2D30049953A /* VBRangeAlphabet.m in Sources */,
				E703C8E51CDB55AF0026BB1E /* VBStringViewController.m in Sources */,
				E76DB4F31CDFEBF500275FFE /* UINib+VBCategory.m in Sources */,
				E70AD1791CE32B1900D0770F /* VBObserverObject.m in Sources */,
			);
			runOnlyForDeploymentPostprocessing = 0;
		};
/* End PBXSourcesBuildPhase section */

/* Begin PBXVariantGroup section */
		E7F7190B1CC6CF8000A90B54 /* LaunchScreen.storyboard */ = {
			isa = PBXVariantGroup;
			children = (
				E7F7190C1CC6CF8000A90B54 /* Base */,
			);
			name = LaunchScreen.storyboard;
			sourceTree = "<group>";
		};
/* End PBXVariantGroup section */

/* Begin XCBuildConfiguration section */
		E7F7190F1CC6CF8000A90B54 /* Debug */ = {
			isa = XCBuildConfiguration;
			buildSettings = {
				ALWAYS_SEARCH_USER_PATHS = NO;
				CLANG_ANALYZER_NONNULL = YES;
				CLANG_CXX_LANGUAGE_STANDARD = "gnu++0x";
				CLANG_CXX_LIBRARY = "libc++";
				CLANG_ENABLE_MODULES = YES;
				CLANG_ENABLE_OBJC_ARC = YES;
				CLANG_WARN_BOOL_CONVERSION = YES;
				CLANG_WARN_CONSTANT_CONVERSION = YES;
				CLANG_WARN_DIRECT_OBJC_ISA_USAGE = YES_ERROR;
				CLANG_WARN_EMPTY_BODY = YES;
				CLANG_WARN_ENUM_CONVERSION = YES;
				CLANG_WARN_INT_CONVERSION = YES;
				CLANG_WARN_OBJC_ROOT_CLASS = YES_ERROR;
				CLANG_WARN_UNREACHABLE_CODE = YES;
				CLANG_WARN__DUPLICATE_METHOD_MATCH = YES;
				"CODE_SIGN_IDENTITY[sdk=iphoneos*]" = "iPhone Developer";
				COPY_PHASE_STRIP = NO;
				DEBUG_INFORMATION_FORMAT = dwarf;
				ENABLE_STRICT_OBJC_MSGSEND = YES;
				ENABLE_TESTABILITY = YES;
				GCC_C_LANGUAGE_STANDARD = gnu99;
				GCC_DYNAMIC_NO_PIC = NO;
				GCC_NO_COMMON_BLOCKS = YES;
				GCC_OPTIMIZATION_LEVEL = 0;
				GCC_PREPROCESSOR_DEFINITIONS = (
					"DEBUG=1",
					"$(inherited)",
				);
				GCC_WARN_64_TO_32_BIT_CONVERSION = YES;
				GCC_WARN_ABOUT_RETURN_TYPE = YES_ERROR;
				GCC_WARN_UNDECLARED_SELECTOR = YES;
				GCC_WARN_UNINITIALIZED_AUTOS = YES_AGGRESSIVE;
				GCC_WARN_UNUSED_FUNCTION = YES;
				GCC_WARN_UNUSED_VARIABLE = YES;
				IPHONEOS_DEPLOYMENT_TARGET = 9.3;
				MTL_ENABLE_DEBUG_INFO = YES;
				ONLY_ACTIVE_ARCH = YES;
				SDKROOT = iphoneos;
				TARGETED_DEVICE_FAMILY = "1,2";
			};
			name = Debug;
		};
		E7F719101CC6CF8000A90B54 /* Release */ = {
			isa = XCBuildConfiguration;
			buildSettings = {
				ALWAYS_SEARCH_USER_PATHS = NO;
				CLANG_ANALYZER_NONNULL = YES;
				CLANG_CXX_LANGUAGE_STANDARD = "gnu++0x";
				CLANG_CXX_LIBRARY = "libc++";
				CLANG_ENABLE_MODULES = YES;
				CLANG_ENABLE_OBJC_ARC = YES;
				CLANG_WARN_BOOL_CONVERSION = YES;
				CLANG_WARN_CONSTANT_CONVERSION = YES;
				CLANG_WARN_DIRECT_OBJC_ISA_USAGE = YES_ERROR;
				CLANG_WARN_EMPTY_BODY = YES;
				CLANG_WARN_ENUM_CONVERSION = YES;
				CLANG_WARN_INT_CONVERSION = YES;
				CLANG_WARN_OBJC_ROOT_CLASS = YES_ERROR;
				CLANG_WARN_UNREACHABLE_CODE = YES;
				CLANG_WARN__DUPLICATE_METHOD_MATCH = YES;
				"CODE_SIGN_IDENTITY[sdk=iphoneos*]" = "iPhone Developer";
				COPY_PHASE_STRIP = NO;
				DEBUG_INFORMATION_FORMAT = "dwarf-with-dsym";
				ENABLE_NS_ASSERTIONS = NO;
				ENABLE_STRICT_OBJC_MSGSEND = YES;
				GCC_C_LANGUAGE_STANDARD = gnu99;
				GCC_NO_COMMON_BLOCKS = YES;
				GCC_WARN_64_TO_32_BIT_CONVERSION = YES;
				GCC_WARN_ABOUT_RETURN_TYPE = YES_ERROR;
				GCC_WARN_UNDECLARED_SELECTOR = YES;
				GCC_WARN_UNINITIALIZED_AUTOS = YES_AGGRESSIVE;
				GCC_WARN_UNUSED_FUNCTION = YES;
				GCC_WARN_UNUSED_VARIABLE = YES;
				IPHONEOS_DEPLOYMENT_TARGET = 9.3;
				MTL_ENABLE_DEBUG_INFO = NO;
				SDKROOT = iphoneos;
				TARGETED_DEVICE_FAMILY = "1,2";
				VALIDATE_PRODUCT = YES;
			};
			name = Release;
		};
		E7F719121CC6CF8000A90B54 /* Debug */ = {
			isa = XCBuildConfiguration;
			buildSettings = {
				ASSETCATALOG_COMPILER_APPICON_NAME = AppIcon;
				GCC_PREFIX_HEADER = "$(PROJECT_DIR)/IOSProject/VBIOSProject-Prefix.pch";
				INFOPLIST_FILE = IOSProject/Info.plist;
				IPHONEOS_DEPLOYMENT_TARGET = 8.2;
				LD_RUNPATH_SEARCH_PATHS = "$(inherited) @executable_path/Frameworks";
				PRODUCT_BUNDLE_IDENTIFIER = VB.IOSProject;
				PRODUCT_NAME = "$(TARGET_NAME)";
				TARGETED_DEVICE_FAMILY = 1;
			};
			name = Debug;
		};
		E7F719131CC6CF8000A90B54 /* Release */ = {
			isa = XCBuildConfiguration;
			buildSettings = {
				ASSETCATALOG_COMPILER_APPICON_NAME = AppIcon;
				GCC_PREFIX_HEADER = "$(PROJECT_DIR)/IOSProject/VBIOSProject-Prefix.pch";
				INFOPLIST_FILE = IOSProject/Info.plist;
				IPHONEOS_DEPLOYMENT_TARGET = 8.2;
				LD_RUNPATH_SEARCH_PATHS = "$(inherited) @executable_path/Frameworks";
				PRODUCT_BUNDLE_IDENTIFIER = VB.IOSProject;
				PRODUCT_NAME = "$(TARGET_NAME)";
				TARGETED_DEVICE_FAMILY = 1;
			};
			name = Release;
		};
/* End XCBuildConfiguration section */

/* Begin XCConfigurationList section */
		E7F718F51CC6CF8000A90B54 /* Build configuration list for PBXProject "IOSProject" */ = {
			isa = XCConfigurationList;
			buildConfigurations = (
				E7F7190F1CC6CF8000A90B54 /* Debug */,
				E7F719101CC6CF8000A90B54 /* Release */,
			);
			defaultConfigurationIsVisible = 0;
			defaultConfigurationName = Release;
		};
		E7F719111CC6CF8000A90B54 /* Build configuration list for PBXNativeTarget "IOSProject" */ = {
			isa = XCConfigurationList;
			buildConfigurations = (
				E7F719121CC6CF8000A90B54 /* Debug */,
				E7F719131CC6CF8000A90B54 /* Release */,
			);
			defaultConfigurationIsVisible = 0;
			defaultConfigurationName = Release;
		};
/* End XCConfigurationList section */
	};
	rootObject = E7F718F21CC6CF8000A90B54 /* Project object */;
}
