// !$*UTF8*$!
{
	archiveVersion = 1;
	classes = {
	};
	objectVersion = 46;
	objects = {

/* Begin PBXBuildFile section */
		E700C3141CF7769000BBB67F /* VBLoadingView.m in Sources */ = {isa = PBXBuildFile; fileRef = E700C3121CF7769000BBB67F /* VBLoadingView.m */; };
		E700C3151CF7769000BBB67F /* VBLoadingView.xib in Resources */ = {isa = PBXBuildFile; fileRef = E700C3131CF7769000BBB67F /* VBLoadingView.xib */; };
		E700D5571CF6245F00574190 /* VBArrayModel.m in Sources */ = {isa = PBXBuildFile; fileRef = E700D52A1CF6245F00574190 /* VBArrayModel.m */; };
		E700D5581CF6245F00574190 /* VBSaveArrayModel.m in Sources */ = {isa = PBXBuildFile; fileRef = E700D52D1CF6245F00574190 /* VBSaveArrayModel.m */; };
		E700D55A1CF6245F00574190 /* VBImageModel.m in Sources */ = {isa = PBXBuildFile; fileRef = E700D5331CF6245F00574190 /* VBImageModel.m */; };
		E700D55B1CF6245F00574190 /* VBModel.m in Sources */ = {isa = PBXBuildFile; fileRef = E700D5361CF6245F00574190 /* VBModel.m */; };
		E700D55C1CF6245F00574190 /* VBStateModel.m in Sources */ = {isa = PBXBuildFile; fileRef = E700D5391CF6245F00574190 /* VBStateModel.m */; };
		E700D55D1CF6245F00574190 /* VBStringModel.m in Sources */ = {isa = PBXBuildFile; fileRef = E700D53C1CF6245F00574190 /* VBStringModel.m */; };
		E700D5601CF6245F00574190 /* VBViewModel.m in Sources */ = {isa = PBXBuildFile; fileRef = E700D5431CF6245F00574190 /* VBViewModel.m */; };
		E700D5611CF6245F00574190 /* VBLabelView.m in Sources */ = {isa = PBXBuildFile; fileRef = E700D5481CF6245F00574190 /* VBLabelView.m */; };
		E700D5621CF6245F00574190 /* VBLableViewController.m in Sources */ = {isa = PBXBuildFile; fileRef = E700D54A1CF6245F00574190 /* VBLableViewController.m */; };
		E700D5631CF6245F00574190 /* VBLableViewController.xib in Resources */ = {isa = PBXBuildFile; fileRef = E700D54B1CF6245F00574190 /* VBLableViewController.xib */; };
		E700D5641CF6245F00574190 /* VBStringView.m in Sources */ = {isa = PBXBuildFile; fileRef = E700D54F1CF6245F00574190 /* VBStringView.m */; };
		E700D5651CF6245F00574190 /* VBStringViewController.m in Sources */ = {isa = PBXBuildFile; fileRef = E700D5511CF6245F00574190 /* VBStringViewController.m */; };
		E700D5661CF6245F00574190 /* VBStringViewController.xib in Resources */ = {isa = PBXBuildFile; fileRef = E700D5521CF6245F00574190 /* VBStringViewController.xib */; };
		E700D5671CF6245F00574190 /* VBTableViewCell.m in Sources */ = {isa = PBXBuildFile; fileRef = E700D5551CF6245F00574190 /* VBTableViewCell.m */; };
		E700D5681CF6245F00574190 /* VBTableViewCell.xib in Resources */ = {isa = PBXBuildFile; fileRef = E700D5561CF6245F00574190 /* VBTableViewCell.xib */; };
		E700D5BB1CF6B1EE00574190 /* VBImageView.m in Sources */ = {isa = PBXBuildFile; fileRef = E700D5BA1CF6B1EE00574190 /* VBImageView.m */; };
		E703C8EA1CDB55EF0026BB1E /* VBAppDelegate.m in Sources */ = {isa = PBXBuildFile; fileRef = E703C8E91CDB55EF0026BB1E /* VBAppDelegate.m */; };
		E703C8FC1CDB68850026BB1E /* project.logo.png in Resources */ = {isa = PBXBuildFile; fileRef = E703C8FB1CDB68850026BB1E /* project.logo.png */; };
		E70453461CF74A3C00E4E502 /* CGGeometry+VBCategory.m in Sources */ = {isa = PBXBuildFile; fileRef = E704530C1CF74A3C00E4E502 /* CGGeometry+VBCategory.m */; };
		E70453471CF74A3C00E4E502 /* NSBundle+VBCategory.m in Sources */ = {isa = PBXBuildFile; fileRef = E704530F1CF74A3C00E4E502 /* NSBundle+VBCategory.m */; };
		E70453481CF74A3C00E4E502 /* NSFileManager+VBCategory.m in Sources */ = {isa = PBXBuildFile; fileRef = E70453121CF74A3C00E4E502 /* NSFileManager+VBCategory.m */; };
		E70453491CF74A3C00E4E502 /* NSObject+VBCategory.m in Sources */ = {isa = PBXBuildFile; fileRef = E70453151CF74A3C00E4E502 /* NSObject+VBCategory.m */; };
		E704534A1CF74A3C00E4E502 /* NSString+VBCategory.m in Sources */ = {isa = PBXBuildFile; fileRef = E70453181CF74A3C00E4E502 /* NSString+VBCategory.m */; };
		E704534B1CF74A3C00E4E502 /* UIImage+VBCategory.m in Sources */ = {isa = PBXBuildFile; fileRef = E704531B1CF74A3C00E4E502 /* UIImage+VBCategory.m */; };
		E704534C1CF74A3C00E4E502 /* UINib+VBCategory.m in Sources */ = {isa = PBXBuildFile; fileRef = E704531E1CF74A3C00E4E502 /* UINib+VBCategory.m */; };
		E704534D1CF74A3C00E4E502 /* UITableView+VBCategory.m in Sources */ = {isa = PBXBuildFile; fileRef = E70453211CF74A3C00E4E502 /* UITableView+VBCategory.m */; };
		E704534E1CF74A3C00E4E502 /* UIView+VBCategory.m in Sources */ = {isa = PBXBuildFile; fileRef = E70453241CF74A3C00E4E502 /* UIView+VBCategory.m */; };
		E704534F1CF74A3C00E4E502 /* UIViewController+VBCategory.m in Sources */ = {isa = PBXBuildFile; fileRef = E70453271CF74A3C00E4E502 /* UIViewController+VBCategory.m */; };
		E70453501CF74A3C00E4E502 /* UIWindow+VBCategory.m in Sources */ = {isa = PBXBuildFile; fileRef = E704532A1CF74A3C00E4E502 /* UIWindow+VBCategory.m */; };
		E70453511CF74A3C00E4E502 /* VBArrayAlphabet.m in Sources */ = {isa = PBXBuildFile; fileRef = E704532F1CF74A3C00E4E502 /* VBArrayAlphabet.m */; };
		E70453521CF74A3C00E4E502 /* VBRangeAlphabet.m in Sources */ = {isa = PBXBuildFile; fileRef = E70453311CF74A3C00E4E502 /* VBRangeAlphabet.m */; };
		E70453531CF74A3C00E4E502 /* VBStringAlphabet.m in Sources */ = {isa = PBXBuildFile; fileRef = E70453331CF74A3C00E4E502 /* VBStringAlphabet.m */; };
		E70453541CF74A3C00E4E502 /* VBAlphabet.m in Sources */ = {isa = PBXBuildFile; fileRef = E70453351CF74A3C00E4E502 /* VBAlphabet.m */; };
		E70453551CF74A3C00E4E502 /* VBDispatch.m in Sources */ = {isa = PBXBuildFile; fileRef = E70453381CF74A3C00E4E502 /* VBDispatch.m */; };
		E70453561CF74A3C00E4E502 /* VBObserver.m in Sources */ = {isa = PBXBuildFile; fileRef = E704533B1CF74A3C00E4E502 /* VBObserver.m */; };
		E70453571CF74A3C00E4E502 /* VBObserverArray.m in Sources */ = {isa = PBXBuildFile; fileRef = E704533F1CF74A3C00E4E502 /* VBObserverArray.m */; };
		E70453581CF74A3C00E4E502 /* VBObserverObject.m in Sources */ = {isa = PBXBuildFile; fileRef = E70453411CF74A3C00E4E502 /* VBObserverObject.m */; };
		E70453591CF74A3C00E4E502 /* VBObserverStateObject.m in Sources */ = {isa = PBXBuildFile; fileRef = E70453431CF74A3C00E4E502 /* VBObserverStateObject.m */; };
		E71FEC0D1CCD455C0009C204 /* iOS Study Plan.txt in Resources */ = {isa = PBXBuildFile; fileRef = E71FEC0C1CCD455C0009C204 /* iOS Study Plan.txt */; };
		E79B785B1CEA43D600708B5A /* folder.png in Resources */ = {isa = PBXBuildFile; fileRef = E79B785A1CEA43D600708B5A /* folder.png */; };
		E7F718FF1CC6CF8000A90B54 /* main.m in Sources */ = {isa = PBXBuildFile; fileRef = E7F718FE1CC6CF8000A90B54 /* main.m */; };
		E7F7190A1CC6CF8000A90B54 /* Assets.xcassets in Resources */ = {isa = PBXBuildFile; fileRef = E7F719091CC6CF8000A90B54 /* Assets.xcassets */; };
		E7F7190D1CC6CF8000A90B54 /* LaunchScreen.storyboard in Resources */ = {isa = PBXBuildFile; fileRef = E7F7190B1CC6CF8000A90B54 /* LaunchScreen.storyboard */; };
/* End PBXBuildFile section */

/* Begin PBXFileReference section */
		E700C3111CF7769000BBB67F /* VBLoadingView.h */ = {isa = PBXFileReference; fileEncoding = 4; lastKnownFileType = sourcecode.c.h; path = VBLoadingView.h; sourceTree = "<group>"; };
		E700C3121CF7769000BBB67F /* VBLoadingView.m */ = {isa = PBXFileReference; fileEncoding = 4; lastKnownFileType = sourcecode.c.objc; path = VBLoadingView.m; sourceTree = "<group>"; };
		E700C3131CF7769000BBB67F /* VBLoadingView.xib */ = {isa = PBXFileReference; fileEncoding = 4; lastKnownFileType = file.xib; path = VBLoadingView.xib; sourceTree = "<group>"; };
		E700D5291CF6245F00574190 /* VBArrayModel.h */ = {isa = PBXFileReference; fileEncoding = 4; lastKnownFileType = sourcecode.c.h; path = VBArrayModel.h; sourceTree = "<group>"; };
		E700D52A1CF6245F00574190 /* VBArrayModel.m */ = {isa = PBXFileReference; fileEncoding = 4; lastKnownFileType = sourcecode.c.objc; path = VBArrayModel.m; sourceTree = "<group>"; };
		E700D52C1CF6245F00574190 /* VBSaveArrayModel.h */ = {isa = PBXFileReference; fileEncoding = 4; lastKnownFileType = sourcecode.c.h; path = VBSaveArrayModel.h; sourceTree = "<group>"; };
		E700D52D1CF6245F00574190 /* VBSaveArrayModel.m */ = {isa = PBXFileReference; fileEncoding = 4; lastKnownFileType = sourcecode.c.objc; path = VBSaveArrayModel.m; sourceTree = "<group>"; };
		E700D5321CF6245F00574190 /* VBImageModel.h */ = {isa = PBXFileReference; fileEncoding = 4; lastKnownFileType = sourcecode.c.h; path = VBImageModel.h; sourceTree = "<group>"; };
		E700D5331CF6245F00574190 /* VBImageModel.m */ = {isa = PBXFileReference; fileEncoding = 4; lastKnownFileType = sourcecode.c.objc; path = VBImageModel.m; sourceTree = "<group>"; };
		E700D5351CF6245F00574190 /* VBModel.h */ = {isa = PBXFileReference; fileEncoding = 4; lastKnownFileType = sourcecode.c.h; path = VBModel.h; sourceTree = "<group>"; };
		E700D5361CF6245F00574190 /* VBModel.m */ = {isa = PBXFileReference; fileEncoding = 4; lastKnownFileType = sourcecode.c.objc; path = VBModel.m; sourceTree = "<group>"; };
		E700D5381CF6245F00574190 /* VBStateModel.h */ = {isa = PBXFileReference; fileEncoding = 4; lastKnownFileType = sourcecode.c.h; path = VBStateModel.h; sourceTree = "<group>"; };
		E700D5391CF6245F00574190 /* VBStateModel.m */ = {isa = PBXFileReference; fileEncoding = 4; lastKnownFileType = sourcecode.c.objc; path = VBStateModel.m; sourceTree = "<group>"; };
		E700D53B1CF6245F00574190 /* VBStringModel.h */ = {isa = PBXFileReference; fileEncoding = 4; lastKnownFileType = sourcecode.c.h; path = VBStringModel.h; sourceTree = "<group>"; };
		E700D53C1CF6245F00574190 /* VBStringModel.m */ = {isa = PBXFileReference; fileEncoding = 4; lastKnownFileType = sourcecode.c.objc; path = VBStringModel.m; sourceTree = "<group>"; };
		E700D5421CF6245F00574190 /* VBViewModel.h */ = {isa = PBXFileReference; fileEncoding = 4; lastKnownFileType = sourcecode.c.h; path = VBViewModel.h; sourceTree = "<group>"; };
		E700D5431CF6245F00574190 /* VBViewModel.m */ = {isa = PBXFileReference; fileEncoding = 4; lastKnownFileType = sourcecode.c.objc; path = VBViewModel.m; sourceTree = "<group>"; };
		E700D5471CF6245F00574190 /* VBLabelView.h */ = {isa = PBXFileReference; fileEncoding = 4; lastKnownFileType = sourcecode.c.h; path = VBLabelView.h; sourceTree = "<group>"; };
		E700D5481CF6245F00574190 /* VBLabelView.m */ = {isa = PBXFileReference; fileEncoding = 4; lastKnownFileType = sourcecode.c.objc; path = VBLabelView.m; sourceTree = "<group>"; };
		E700D5491CF6245F00574190 /* VBLableViewController.h */ = {isa = PBXFileReference; fileEncoding = 4; lastKnownFileType = sourcecode.c.h; path = VBLableViewController.h; sourceTree = "<group>"; };
		E700D54A1CF6245F00574190 /* VBLableViewController.m */ = {isa = PBXFileReference; fileEncoding = 4; lastKnownFileType = sourcecode.c.objc; path = VBLableViewController.m; sourceTree = "<group>"; };
		E700D54B1CF6245F00574190 /* VBLableViewController.xib */ = {isa = PBXFileReference; fileEncoding = 4; lastKnownFileType = file.xib; path = VBLableViewController.xib; sourceTree = "<group>"; };
		E700D54E1CF6245F00574190 /* VBStringView.h */ = {isa = PBXFileReference; fileEncoding = 4; lastKnownFileType = sourcecode.c.h; path = VBStringView.h; sourceTree = "<group>"; };
		E700D54F1CF6245F00574190 /* VBStringView.m */ = {isa = PBXFileReference; fileEncoding = 4; lastKnownFileType = sourcecode.c.objc; path = VBStringView.m; sourceTree = "<group>"; };
		E700D5501CF6245F00574190 /* VBStringViewController.h */ = {isa = PBXFileReference; fileEncoding = 4; lastKnownFileType = sourcecode.c.h; path = VBStringViewController.h; sourceTree = "<group>"; };
		E700D5511CF6245F00574190 /* VBStringViewController.m */ = {isa = PBXFileReference; fileEncoding = 4; lastKnownFileType = sourcecode.c.objc; path = VBStringViewController.m; sourceTree = "<group>"; };
		E700D5521CF6245F00574190 /* VBStringViewController.xib */ = {isa = PBXFileReference; fileEncoding = 4; lastKnownFileType = file.xib; path = VBStringViewController.xib; sourceTree = "<group>"; };
		E700D5541CF6245F00574190 /* VBTableViewCell.h */ = {isa = PBXFileReference; fileEncoding = 4; lastKnownFileType = sourcecode.c.h; path = VBTableViewCell.h; sourceTree = "<group>"; };
		E700D5551CF6245F00574190 /* VBTableViewCell.m */ = {isa = PBXFileReference; fileEncoding = 4; lastKnownFileType = sourcecode.c.objc; path = VBTableViewCell.m; sourceTree = "<group>"; };
		E700D5561CF6245F00574190 /* VBTableViewCell.xib */ = {isa = PBXFileReference; fileEncoding = 4; lastKnownFileType = file.xib; path = VBTableViewCell.xib; sourceTree = "<group>"; };
		E700D5B91CF6B1EE00574190 /* VBImageView.h */ = {isa = PBXFileReference; fileEncoding = 4; lastKnownFileType = sourcecode.c.h; path = VBImageView.h; sourceTree = "<group>"; };
		E700D5BA1CF6B1EE00574190 /* VBImageView.m */ = {isa = PBXFileReference; fileEncoding = 4; lastKnownFileType = sourcecode.c.objc; path = VBImageView.m; sourceTree = "<group>"; };
		E703C8E81CDB55EF0026BB1E /* VBAppDelegate.h */ = {isa = PBXFileReference; fileEncoding = 4; lastKnownFileType = sourcecode.c.h; path = VBAppDelegate.h; sourceTree = "<group>"; };
		E703C8E91CDB55EF0026BB1E /* VBAppDelegate.m */ = {isa = PBXFileReference; fileEncoding = 4; lastKnownFileType = sourcecode.c.objc; path = VBAppDelegate.m; sourceTree = "<group>"; };
		E703C8FB1CDB68850026BB1E /* project.logo.png */ = {isa = PBXFileReference; lastKnownFileType = image.png; path = project.logo.png; sourceTree = "<group>"; };
		E704530B1CF74A3C00E4E502 /* CGGeometry+VBCategory.h */ = {isa = PBXFileReference; fileEncoding = 4; lastKnownFileType = sourcecode.c.h; path = "CGGeometry+VBCategory.h"; sourceTree = "<group>"; };
		E704530C1CF74A3C00E4E502 /* CGGeometry+VBCategory.m */ = {isa = PBXFileReference; fileEncoding = 4; lastKnownFileType = sourcecode.c.objc; path = "CGGeometry+VBCategory.m"; sourceTree = "<group>"; };
		E704530E1CF74A3C00E4E502 /* NSBundle+VBCategory.h */ = {isa = PBXFileReference; fileEncoding = 4; lastKnownFileType = sourcecode.c.h; path = "NSBundle+VBCategory.h"; sourceTree = "<group>"; };
		E704530F1CF74A3C00E4E502 /* NSBundle+VBCategory.m */ = {isa = PBXFileReference; fileEncoding = 4; lastKnownFileType = sourcecode.c.objc; path = "NSBundle+VBCategory.m"; sourceTree = "<group>"; };
		E70453111CF74A3C00E4E502 /* NSFileManager+VBCategory.h */ = {isa = PBXFileReference; fileEncoding = 4; lastKnownFileType = sourcecode.c.h; path = "NSFileManager+VBCategory.h"; sourceTree = "<group>"; };
		E70453121CF74A3C00E4E502 /* NSFileManager+VBCategory.m */ = {isa = PBXFileReference; fileEncoding = 4; lastKnownFileType = sourcecode.c.objc; path = "NSFileManager+VBCategory.m"; sourceTree = "<group>"; };
		E70453141CF74A3C00E4E502 /* NSObject+VBCategory.h */ = {isa = PBXFileReference; fileEncoding = 4; lastKnownFileType = sourcecode.c.h; path = "NSObject+VBCategory.h"; sourceTree = "<group>"; };
		E70453151CF74A3C00E4E502 /* NSObject+VBCategory.m */ = {isa = PBXFileReference; fileEncoding = 4; lastKnownFileType = sourcecode.c.objc; path = "NSObject+VBCategory.m"; sourceTree = "<group>"; };
		E70453171CF74A3C00E4E502 /* NSString+VBCategory.h */ = {isa = PBXFileReference; fileEncoding = 4; lastKnownFileType = sourcecode.c.h; path = "NSString+VBCategory.h"; sourceTree = "<group>"; };
		E70453181CF74A3C00E4E502 /* NSString+VBCategory.m */ = {isa = PBXFileReference; fileEncoding = 4; lastKnownFileType = sourcecode.c.objc; path = "NSString+VBCategory.m"; sourceTree = "<group>"; };
		E704531A1CF74A3C00E4E502 /* UIImage+VBCategory.h */ = {isa = PBXFileReference; fileEncoding = 4; lastKnownFileType = sourcecode.c.h; path = "UIImage+VBCategory.h"; sourceTree = "<group>"; };
		E704531B1CF74A3C00E4E502 /* UIImage+VBCategory.m */ = {isa = PBXFileReference; fileEncoding = 4; lastKnownFileType = sourcecode.c.objc; path = "UIImage+VBCategory.m"; sourceTree = "<group>"; };
		E704531D1CF74A3C00E4E502 /* UINib+VBCategory.h */ = {isa = PBXFileReference; fileEncoding = 4; lastKnownFileType = sourcecode.c.h; path = "UINib+VBCategory.h"; sourceTree = "<group>"; };
		E704531E1CF74A3C00E4E502 /* UINib+VBCategory.m */ = {isa = PBXFileReference; fileEncoding = 4; lastKnownFileType = sourcecode.c.objc; path = "UINib+VBCategory.m"; sourceTree = "<group>"; };
		E70453201CF74A3C00E4E502 /* UITableView+VBCategory.h */ = {isa = PBXFileReference; fileEncoding = 4; lastKnownFileType = sourcecode.c.h; path = "UITableView+VBCategory.h"; sourceTree = "<group>"; };
		E70453211CF74A3C00E4E502 /* UITableView+VBCategory.m */ = {isa = PBXFileReference; fileEncoding = 4; lastKnownFileType = sourcecode.c.objc; path = "UITableView+VBCategory.m"; sourceTree = "<group>"; };
		E70453231CF74A3C00E4E502 /* UIView+VBCategory.h */ = {isa = PBXFileReference; fileEncoding = 4; lastKnownFileType = sourcecode.c.h; path = "UIView+VBCategory.h"; sourceTree = "<group>"; };
		E70453241CF74A3C00E4E502 /* UIView+VBCategory.m */ = {isa = PBXFileReference; fileEncoding = 4; lastKnownFileType = sourcecode.c.objc; path = "UIView+VBCategory.m"; sourceTree = "<group>"; };
		E70453261CF74A3C00E4E502 /* UIViewController+VBCategory.h */ = {isa = PBXFileReference; fileEncoding = 4; lastKnownFileType = sourcecode.c.h; path = "UIViewController+VBCategory.h"; sourceTree = "<group>"; };
		E70453271CF74A3C00E4E502 /* UIViewController+VBCategory.m */ = {isa = PBXFileReference; fileEncoding = 4; lastKnownFileType = sourcecode.c.objc; path = "UIViewController+VBCategory.m"; sourceTree = "<group>"; };
		E70453291CF74A3C00E4E502 /* UIWindow+VBCategory.h */ = {isa = PBXFileReference; fileEncoding = 4; lastKnownFileType = sourcecode.c.h; path = "UIWindow+VBCategory.h"; sourceTree = "<group>"; };
		E704532A1CF74A3C00E4E502 /* UIWindow+VBCategory.m */ = {isa = PBXFileReference; fileEncoding = 4; lastKnownFileType = sourcecode.c.objc; path = "UIWindow+VBCategory.m"; sourceTree = "<group>"; };
		E704532E1CF74A3C00E4E502 /* VBArrayAlphabet.h */ = {isa = PBXFileReference; fileEncoding = 4; lastKnownFileType = sourcecode.c.h; path = VBArrayAlphabet.h; sourceTree = "<group>"; };
		E704532F1CF74A3C00E4E502 /* VBArrayAlphabet.m */ = {isa = PBXFileReference; fileEncoding = 4; lastKnownFileType = sourcecode.c.objc; path = VBArrayAlphabet.m; sourceTree = "<group>"; };
		E70453301CF74A3C00E4E502 /* VBRangeAlphabet.h */ = {isa = PBXFileReference; fileEncoding = 4; lastKnownFileType = sourcecode.c.h; path = VBRangeAlphabet.h; sourceTree = "<group>"; };
		E70453311CF74A3C00E4E502 /* VBRangeAlphabet.m */ = {isa = PBXFileReference; fileEncoding = 4; lastKnownFileType = sourcecode.c.objc; path = VBRangeAlphabet.m; sourceTree = "<group>"; };
		E70453321CF74A3C00E4E502 /* VBStringAlphabet.h */ = {isa = PBXFileReference; fileEncoding = 4; lastKnownFileType = sourcecode.c.h; path = VBStringAlphabet.h; sourceTree = "<group>"; };
		E70453331CF74A3C00E4E502 /* VBStringAlphabet.m */ = {isa = PBXFileReference; fileEncoding = 4; lastKnownFileType = sourcecode.c.objc; path = VBStringAlphabet.m; sourceTree = "<group>"; };
		E70453341CF74A3C00E4E502 /* VBAlphabet.h */ = {isa = PBXFileReference; fileEncoding = 4; lastKnownFileType = sourcecode.c.h; path = VBAlphabet.h; sourceTree = "<group>"; };
		E70453351CF74A3C00E4E502 /* VBAlphabet.m */ = {isa = PBXFileReference; fileEncoding = 4; lastKnownFileType = sourcecode.c.objc; path = VBAlphabet.m; sourceTree = "<group>"; };
		E70453371CF74A3C00E4E502 /* VBDispatch.h */ = {isa = PBXFileReference; fileEncoding = 4; lastKnownFileType = sourcecode.c.h; path = VBDispatch.h; sourceTree = "<group>"; };
		E70453381CF74A3C00E4E502 /* VBDispatch.m */ = {isa = PBXFileReference; fileEncoding = 4; lastKnownFileType = sourcecode.c.objc; path = VBDispatch.m; sourceTree = "<group>"; };
		E704533A1CF74A3C00E4E502 /* VBObserver.h */ = {isa = PBXFileReference; fileEncoding = 4; lastKnownFileType = sourcecode.c.h; path = VBObserver.h; sourceTree = "<group>"; };
		E704533B1CF74A3C00E4E502 /* VBObserver.m */ = {isa = PBXFileReference; fileEncoding = 4; lastKnownFileType = sourcecode.c.objc; path = VBObserver.m; sourceTree = "<group>"; };
		E704533C1CF74A3C00E4E502 /* VBObserverProtocol.h */ = {isa = PBXFileReference; fileEncoding = 4; lastKnownFileType = sourcecode.c.h; path = VBObserverProtocol.h; sourceTree = "<group>"; };
		E704533E1CF74A3C00E4E502 /* VBObserverArray.h */ = {isa = PBXFileReference; fileEncoding = 4; lastKnownFileType = sourcecode.c.h; path = VBObserverArray.h; sourceTree = "<group>"; };
		E704533F1CF74A3C00E4E502 /* VBObserverArray.m */ = {isa = PBXFileReference; fileEncoding = 4; lastKnownFileType = sourcecode.c.objc; path = VBObserverArray.m; sourceTree = "<group>"; };
		E70453401CF74A3C00E4E502 /* VBObserverObject.h */ = {isa = PBXFileReference; fileEncoding = 4; lastKnownFileType = sourcecode.c.h; path = VBObserverObject.h; sourceTree = "<group>"; };
		E70453411CF74A3C00E4E502 /* VBObserverObject.m */ = {isa = PBXFileReference; fileEncoding = 4; lastKnownFileType = sourcecode.c.objc; path = VBObserverObject.m; sourceTree = "<group>"; };
		E70453421CF74A3C00E4E502 /* VBObserverStateObject.h */ = {isa = PBXFileReference; fileEncoding = 4; lastKnownFileType = sourcecode.c.h; path = VBObserverStateObject.h; sourceTree = "<group>"; };
		E70453431CF74A3C00E4E502 /* VBObserverStateObject.m */ = {isa = PBXFileReference; fileEncoding = 4; lastKnownFileType = sourcecode.c.objc; path = VBObserverStateObject.m; sourceTree = "<group>"; };
		E70453451CF74A3C00E4E502 /* VBMacroHeaderIOS.h */ = {isa = PBXFileReference; fileEncoding = 4; lastKnownFileType = sourcecode.c.h; path = VBMacroHeaderIOS.h; sourceTree = "<group>"; };
		E717BDEF1CC979D9003D14CF /* VBIOSProject-Prefix.pch */ = {isa = PBXFileReference; lastKnownFileType = sourcecode.c.h; path = "VBIOSProject-Prefix.pch"; sourceTree = "<group>"; };
		E71FEC0C1CCD455C0009C204 /* iOS Study Plan.txt */ = {isa = PBXFileReference; fileEncoding = 4; lastKnownFileType = text; path = "iOS Study Plan.txt"; sourceTree = "<group>"; };
		E79B785A1CEA43D600708B5A /* folder.png */ = {isa = PBXFileReference; lastKnownFileType = image.png; path = folder.png; sourceTree = "<group>"; };
		E7F718FA1CC6CF8000A90B54 /* IOSProject.app */ = {isa = PBXFileReference; explicitFileType = wrapper.application; includeInIndex = 0; path = IOSProject.app; sourceTree = BUILT_PRODUCTS_DIR; };
		E7F718FE1CC6CF8000A90B54 /* main.m */ = {isa = PBXFileReference; lastKnownFileType = sourcecode.c.objc; path = main.m; sourceTree = "<group>"; };
		E7F719091CC6CF8000A90B54 /* Assets.xcassets */ = {isa = PBXFileReference; lastKnownFileType = folder.assetcatalog; path = Assets.xcassets; sourceTree = "<group>"; };
		E7F7190C1CC6CF8000A90B54 /* Base */ = {isa = PBXFileReference; lastKnownFileType = file.storyboard; name = Base; path = Base.lproj/LaunchScreen.storyboard; sourceTree = "<group>"; };
		E7F7190E1CC6CF8000A90B54 /* Info.plist */ = {isa = PBXFileReference; lastKnownFileType = text.plist.xml; path = Info.plist; sourceTree = "<group>"; };
/* End PBXFileReference section */

/* Begin PBXFrameworksBuildPhase section */
		E7F718F71CC6CF8000A90B54 /* Frameworks */ = {
			isa = PBXFrameworksBuildPhase;
			buildActionMask = 2147483647;
			files = (
			);
			runOnlyForDeploymentPostprocessing = 0;
		};
/* End PBXFrameworksBuildPhase section */

/* Begin PBXGroup section */
		E700C3101CF7769000BBB67F /* VBLoadingView */ = {
			isa = PBXGroup;
			children = (
				E700C3111CF7769000BBB67F /* VBLoadingView.h */,
				E700C3121CF7769000BBB67F /* VBLoadingView.m */,
				E700C3131CF7769000BBB67F /* VBLoadingView.xib */,
			);
			path = VBLoadingView;
			sourceTree = "<group>";
		};
		E700D5261CF6245F00574190 /* Source */ = {
			isa = PBXGroup;
			children = (
				E700D5271CF6245F00574190 /* VBModels */,
				E700D5441CF6245F00574190 /* VBUI */,
			);
			path = Source;
			sourceTree = "<group>";
		};
		E700D5271CF6245F00574190 /* VBModels */ = {
			isa = PBXGroup;
			children = (
				E700D5341CF6245F00574190 /* VBModel */,
				E700D5311CF6245F00574190 /* VBImageModel */,
				E700D5281CF6245F00574190 /* VBArrayModel */,
				E700D5371CF6245F00574190 /* VBStateModel */,
				E700D53A1CF6245F00574190 /* VBStringModel */,
				E700C3101CF7769000BBB67F /* VBLoadingView */,
				E700D53D1CF6245F00574190 /* VBViewModel */,
			);
			path = VBModels;
			sourceTree = "<group>";
		};
		E700D5281CF6245F00574190 /* VBArrayModel */ = {
			isa = PBXGroup;
			children = (
				E700D52B1CF6245F00574190 /* VBSaveArrayModel */,
				E700D5291CF6245F00574190 /* VBArrayModel.h */,
				E700D52A1CF6245F00574190 /* VBArrayModel.m */,
			);
			path = VBArrayModel;
			sourceTree = "<group>";
		};
		E700D52B1CF6245F00574190 /* VBSaveArrayModel */ = {
			isa = PBXGroup;
			children = (
				E700D52C1CF6245F00574190 /* VBSaveArrayModel.h */,
				E700D52D1CF6245F00574190 /* VBSaveArrayModel.m */,
			);
			path = VBSaveArrayModel;
			sourceTree = "<group>";
		};
		E700D5311CF6245F00574190 /* VBImageModel */ = {
			isa = PBXGroup;
			children = (
				E700D5321CF6245F00574190 /* VBImageModel.h */,
				E700D5331CF6245F00574190 /* VBImageModel.m */,
			);
			path = VBImageModel;
			sourceTree = "<group>";
		};
		E700D5341CF6245F00574190 /* VBModel */ = {
			isa = PBXGroup;
			children = (
				E700D5351CF6245F00574190 /* VBModel.h */,
				E700D5361CF6245F00574190 /* VBModel.m */,
			);
			path = VBModel;
			sourceTree = "<group>";
		};
		E700D5371CF6245F00574190 /* VBStateModel */ = {
			isa = PBXGroup;
			children = (
				E700D5381CF6245F00574190 /* VBStateModel.h */,
				E700D5391CF6245F00574190 /* VBStateModel.m */,
			);
			path = VBStateModel;
			sourceTree = "<group>";
		};
		E700D53A1CF6245F00574190 /* VBStringModel */ = {
			isa = PBXGroup;
			children = (
				E700D53B1CF6245F00574190 /* VBStringModel.h */,
				E700D53C1CF6245F00574190 /* VBStringModel.m */,
			);
			path = VBStringModel;
			sourceTree = "<group>";
		};
		E700D53D1CF6245F00574190 /* VBViewModel */ = {
			isa = PBXGroup;
			children = (
				E700D5421CF6245F00574190 /* VBViewModel.h */,
				E700D5431CF6245F00574190 /* VBViewModel.m */,
			);
			path = VBViewModel;
			sourceTree = "<group>";
		};
		E700D5441CF6245F00574190 /* VBUI */ = {
			isa = PBXGroup;
			children = (
				E700D5451CF6245F00574190 /* VBLableViewController */,
				E700D54C1CF6245F00574190 /* VBStringViewController */,
			);
			path = VBUI;
			sourceTree = "<group>";
		};
		E700D5451CF6245F00574190 /* VBLableViewController */ = {
			isa = PBXGroup;
			children = (
				E700D5461CF6245F00574190 /* VBLabelView */,
				E700D5491CF6245F00574190 /* VBLableViewController.h */,
				E700D54A1CF6245F00574190 /* VBLableViewController.m */,
				E700D54B1CF6245F00574190 /* VBLableViewController.xib */,
			);
			path = VBLableViewController;
			sourceTree = "<group>";
		};
		E700D5461CF6245F00574190 /* VBLabelView */ = {
			isa = PBXGroup;
			children = (
				E700D5471CF6245F00574190 /* VBLabelView.h */,
				E700D5481CF6245F00574190 /* VBLabelView.m */,
			);
			path = VBLabelView;
			sourceTree = "<group>";
		};
		E700D54C1CF6245F00574190 /* VBStringViewController */ = {
			isa = PBXGroup;
			children = (
				E700D5B81CF6B1D700574190 /* VBImageView */,
				E700D5531CF6245F00574190 /* VBTableViewCell */,
				E700D54D1CF6245F00574190 /* VBStringView */,
				E700D5501CF6245F00574190 /* VBStringViewController.h */,
				E700D5511CF6245F00574190 /* VBStringViewController.m */,
				E700D5521CF6245F00574190 /* VBStringViewController.xib */,
			);
			path = VBStringViewController;
			sourceTree = "<group>";
		};
		E700D54D1CF6245F00574190 /* VBStringView */ = {
			isa = PBXGroup;
			children = (
				E700D54E1CF6245F00574190 /* VBStringView.h */,
				E700D54F1CF6245F00574190 /* VBStringView.m */,
			);
			path = VBStringView;
			sourceTree = "<group>";
		};
		E700D5531CF6245F00574190 /* VBTableViewCell */ = {
			isa = PBXGroup;
			children = (
				E700D5541CF6245F00574190 /* VBTableViewCell.h */,
				E700D5551CF6245F00574190 /* VBTableViewCell.m */,
				E700D5561CF6245F00574190 /* VBTableViewCell.xib */,
			);
			path = VBTableViewCell;
			sourceTree = "<group>";
		};
		E700D5B81CF6B1D700574190 /* VBImageView */ = {
			isa = PBXGroup;
			children = (
				E700D5B91CF6B1EE00574190 /* VBImageView.h */,
				E700D5BA1CF6B1EE00574190 /* VBImageView.m */,
			);
			path = VBImageView;
			sourceTree = "<group>";
		};
		E7032F2A1CDA8BF800399F7A /* Resource */ = {
			isa = PBXGroup;
			children = (
				E79B785A1CEA43D600708B5A /* folder.png */,
				E703C8FB1CDB68850026BB1E /* project.logo.png */,
			);
			path = Resource;
			sourceTree = "<group>";
		};
		E703C8E71CDB55EF0026BB1E /* VBAppDelegate */ = {
			isa = PBXGroup;
			children = (
				E703C8E81CDB55EF0026BB1E /* VBAppDelegate.h */,
				E703C8E91CDB55EF0026BB1E /* VBAppDelegate.m */,
			);
			path = VBAppDelegate;
			sourceTree = "<group>";
		};
		E70453091CF74A3C00E4E502 /* Category */ = {
			isa = PBXGroup;
			children = (
				E704530A1CF74A3C00E4E502 /* CGGeometry+VBCategory */,
				E704530D1CF74A3C00E4E502 /* NSBundle+VBCategory */,
				E70453101CF74A3C00E4E502 /* NSFileManager+VBCategory */,
				E70453131CF74A3C00E4E502 /* NSObject+VBCategory */,
				E70453161CF74A3C00E4E502 /* NSString+VBCategory */,
				E70453191CF74A3C00E4E502 /* UIImage+VBCategory */,
				E704531C1CF74A3C00E4E502 /* UINib+VBCategory */,
				E704531F1CF74A3C00E4E502 /* UITableView+VBCategory */,
				E70453221CF74A3C00E4E502 /* UIView+VBCategory */,
				E70453251CF74A3C00E4E502 /* UIViewController+VBCategory */,
				E70453281CF74A3C00E4E502 /* UIWindow+ VBCategory */,
			);
			path = Category;
			sourceTree = "<group>";
		};
		E704530A1CF74A3C00E4E502 /* CGGeometry+VBCategory */ = {
			isa = PBXGroup;
			children = (
				E704530B1CF74A3C00E4E502 /* CGGeometry+VBCategory.h */,
				E704530C1CF74A3C00E4E502 /* CGGeometry+VBCategory.m */,
			);
			path = "CGGeometry+VBCategory";
			sourceTree = "<group>";
		};
		E704530D1CF74A3C00E4E502 /* NSBundle+VBCategory */ = {
			isa = PBXGroup;
			children = (
				E704530E1CF74A3C00E4E502 /* NSBundle+VBCategory.h */,
				E704530F1CF74A3C00E4E502 /* NSBundle+VBCategory.m */,
			);
			path = "NSBundle+VBCategory";
			sourceTree = "<group>";
		};
		E70453101CF74A3C00E4E502 /* NSFileManager+VBCategory */ = {
			isa = PBXGroup;
			children = (
				E70453111CF74A3C00E4E502 /* NSFileManager+VBCategory.h */,
				E70453121CF74A3C00E4E502 /* NSFileManager+VBCategory.m */,
			);
			path = "NSFileManager+VBCategory";
			sourceTree = "<group>";
		};
		E70453131CF74A3C00E4E502 /* NSObject+VBCategory */ = {
			isa = PBXGroup;
			children = (
				E70453141CF74A3C00E4E502 /* NSObject+VBCategory.h */,
				E70453151CF74A3C00E4E502 /* NSObject+VBCategory.m */,
			);
			path = "NSObject+VBCategory";
			sourceTree = "<group>";
		};
		E70453161CF74A3C00E4E502 /* NSString+VBCategory */ = {
			isa = PBXGroup;
			children = (
				E70453171CF74A3C00E4E502 /* NSString+VBCategory.h */,
				E70453181CF74A3C00E4E502 /* NSString+VBCategory.m */,
			);
			path = "NSString+VBCategory";
			sourceTree = "<group>";
		};
		E70453191CF74A3C00E4E502 /* UIImage+VBCategory */ = {
			isa = PBXGroup;
			children = (
				E704531A1CF74A3C00E4E502 /* UIImage+VBCategory.h */,
				E704531B1CF74A3C00E4E502 /* UIImage+VBCategory.m */,
			);
			path = "UIImage+VBCategory";
			sourceTree = "<group>";
		};
		E704531C1CF74A3C00E4E502 /* UINib+VBCategory */ = {
			isa = PBXGroup;
			children = (
				E704531D1CF74A3C00E4E502 /* UINib+VBCategory.h */,
				E704531E1CF74A3C00E4E502 /* UINib+VBCategory.m */,
			);
			path = "UINib+VBCategory";
			sourceTree = "<group>";
		};
		E704531F1CF74A3C00E4E502 /* UITableView+VBCategory */ = {
			isa = PBXGroup;
			children = (
				E70453201CF74A3C00E4E502 /* UITableView+VBCategory.h */,
				E70453211CF74A3C00E4E502 /* UITableView+VBCategory.m */,
			);
			path = "UITableView+VBCategory";
			sourceTree = "<group>";
		};
		E70453221CF74A3C00E4E502 /* UIView+VBCategory */ = {
			isa = PBXGroup;
			children = (
				E70453231CF74A3C00E4E502 /* UIView+VBCategory.h */,
				E70453241CF74A3C00E4E502 /* UIView+VBCategory.m */,
			);
			path = "UIView+VBCategory";
			sourceTree = "<group>";
		};
		E70453251CF74A3C00E4E502 /* UIViewController+VBCategory */ = {
			isa = PBXGroup;
			children = (
				E70453261CF74A3C00E4E502 /* UIViewController+VBCategory.h */,
				E70453271CF74A3C00E4E502 /* UIViewController+VBCategory.m */,
			);
			path = "UIViewController+VBCategory";
			sourceTree = "<group>";
		};
		E70453281CF74A3C00E4E502 /* UIWindow+ VBCategory */ = {
			isa = PBXGroup;
			children = (
				E70453291CF74A3C00E4E502 /* UIWindow+VBCategory.h */,
				E704532A1CF74A3C00E4E502 /* UIWindow+VBCategory.m */,
			);
			path = "UIWindow+ VBCategory";
			sourceTree = "<group>";
		};
		E704532B1CF74A3C00E4E502 /* Library */ = {
			isa = PBXGroup;
			children = (
				E704532C1CF74A3C00E4E502 /* VBAlphabet */,
				E70453361CF74A3C00E4E502 /* VBDispatch */,
				E70453391CF74A3C00E4E502 /* VBObserver */,
			);
			path = Library;
			sourceTree = "<group>";
		};
		E704532C1CF74A3C00E4E502 /* VBAlphabet */ = {
			isa = PBXGroup;
			children = (
				E704532D1CF74A3C00E4E502 /* PrivateMethods */,
				E70453341CF74A3C00E4E502 /* VBAlphabet.h */,
				E70453351CF74A3C00E4E502 /* VBAlphabet.m */,
			);
			path = VBAlphabet;
			sourceTree = "<group>";
		};
		E704532D1CF74A3C00E4E502 /* PrivateMethods */ = {
			isa = PBXGroup;
			children = (
				E704532E1CF74A3C00E4E502 /* VBArrayAlphabet.h */,
				E704532F1CF74A3C00E4E502 /* VBArrayAlphabet.m */,
				E70453301CF74A3C00E4E502 /* VBRangeAlphabet.h */,
				E70453311CF74A3C00E4E502 /* VBRangeAlphabet.m */,
				E70453321CF74A3C00E4E502 /* VBStringAlphabet.h */,
				E70453331CF74A3C00E4E502 /* VBStringAlphabet.m */,
			);
			path = PrivateMethods;
			sourceTree = "<group>";
		};
		E70453361CF74A3C00E4E502 /* VBDispatch */ = {
			isa = PBXGroup;
			children = (
				E70453371CF74A3C00E4E502 /* VBDispatch.h */,
				E70453381CF74A3C00E4E502 /* VBDispatch.m */,
			);
			path = VBDispatch;
			sourceTree = "<group>";
		};
		E70453391CF74A3C00E4E502 /* VBObserver */ = {
			isa = PBXGroup;
			children = (
				E704533A1CF74A3C00E4E502 /* VBObserver.h */,
				E704533B1CF74A3C00E4E502 /* VBObserver.m */,
				E704533C1CF74A3C00E4E502 /* VBObserverProtocol.h */,
				E704533D1CF74A3C00E4E502 /* VBPrivate */,
			);
			path = VBObserver;
			sourceTree = "<group>";
		};
		E704533D1CF74A3C00E4E502 /* VBPrivate */ = {
			isa = PBXGroup;
			children = (
				E704533E1CF74A3C00E4E502 /* VBObserverArray.h */,
				E704533F1CF74A3C00E4E502 /* VBObserverArray.m */,
				E70453401CF74A3C00E4E502 /* VBObserverObject.h */,
				E70453411CF74A3C00E4E502 /* VBObserverObject.m */,
				E70453421CF74A3C00E4E502 /* VBObserverStateObject.h */,
				E70453431CF74A3C00E4E502 /* VBObserverStateObject.m */,
			);
			path = VBPrivate;
			sourceTree = "<group>";
		};
		E70453441CF74A3C00E4E502 /* Macro */ = {
			isa = PBXGroup;
			children = (
				E70453451CF74A3C00E4E502 /* VBMacroHeaderIOS.h */,
			);
			path = Macro;
			sourceTree = "<group>";
		};
		E7F718F11CC6CF8000A90B54 = {
			isa = PBXGroup;
			children = (
				E71FEC0C1CCD455C0009C204 /* iOS Study Plan.txt */,
				E7F718FC1CC6CF8000A90B54 /* IOSProject */,
				E7F718FB1CC6CF8000A90B54 /* Products */,
			);
			sourceTree = "<group>";
		};
		E7F718FB1CC6CF8000A90B54 /* Products */ = {
			isa = PBXGroup;
			children = (
				E7F718FA1CC6CF8000A90B54 /* IOSProject.app */,
			);
			name = Products;
			sourceTree = "<group>";
		};
		E7F718FC1CC6CF8000A90B54 /* IOSProject */ = {
			isa = PBXGroup;
			children = (
				E700D5261CF6245F00574190 /* Source */,
				E703C8E71CDB55EF0026BB1E /* VBAppDelegate */,
				E70453091CF74A3C00E4E502 /* Category */,
				E704532B1CF74A3C00E4E502 /* Library */,
				E70453441CF74A3C00E4E502 /* Macro */,
				E7032F2A1CDA8BF800399F7A /* Resource */,
				E7F718FD1CC6CF8000A90B54 /* Supporting Files */,
			);
			path = IOSProject;
			sourceTree = "<group>";
		};
		E7F718FD1CC6CF8000A90B54 /* Supporting Files */ = {
			isa = PBXGroup;
			children = (
				E7F718FE1CC6CF8000A90B54 /* main.m */,
				E7F7190E1CC6CF8000A90B54 /* Info.plist */,
				E7F719091CC6CF8000A90B54 /* Assets.xcassets */,
				E7F7190B1CC6CF8000A90B54 /* LaunchScreen.storyboard */,
				E717BDEF1CC979D9003D14CF /* VBIOSProject-Prefix.pch */,
			);
			name = "Supporting Files";
			sourceTree = "<group>";
		};
/* End PBXGroup section */

/* Begin PBXNativeTarget section */
		E7F718F91CC6CF8000A90B54 /* IOSProject */ = {
			isa = PBXNativeTarget;
			buildConfigurationList = E7F719111CC6CF8000A90B54 /* Build configuration list for PBXNativeTarget "IOSProject" */;
			buildPhases = (
				E7F718F61CC6CF8000A90B54 /* Sources */,
				E7F718F71CC6CF8000A90B54 /* Frameworks */,
				E7F718F81CC6CF8000A90B54 /* Resources */,
			);
			buildRules = (
			);
			dependencies = (
			);
			name = IOSProject;
			productName = IOSProject;
			productReference = E7F718FA1CC6CF8000A90B54 /* IOSProject.app */;
			productType = "com.apple.product-type.application";
		};
/* End PBXNativeTarget section */

/* Begin PBXProject section */
		E7F718F21CC6CF8000A90B54 /* Project object */ = {
			isa = PBXProject;
			attributes = {
				LastUpgradeCheck = 0730;
				ORGANIZATIONNAME = "Vladimir Budniy";
				TargetAttributes = {
					E7F718F91CC6CF8000A90B54 = {
						CreatedOnToolsVersion = 7.3;
					};
				};
			};
			buildConfigurationList = E7F718F51CC6CF8000A90B54 /* Build configuration list for PBXProject "IOSProject" */;
			compatibilityVersion = "Xcode 3.2";
			developmentRegion = English;
			hasScannedForEncodings = 0;
			knownRegions = (
				en,
				Base,
			);
			mainGroup = E7F718F11CC6CF8000A90B54;
			productRefGroup = E7F718FB1CC6CF8000A90B54 /* Products */;
			projectDirPath = "";
			projectRoot = "";
			targets = (
				E7F718F91CC6CF8000A90B54 /* IOSProject */,
			);
		};
/* End PBXProject section */

/* Begin PBXResourcesBuildPhase section */
		E7F718F81CC6CF8000A90B54 /* Resources */ = {
			isa = PBXResourcesBuildPhase;
			buildActionMask = 2147483647;
			files = (
				E700D5681CF6245F00574190 /* VBTableViewCell.xib in Resources */,
				E7F7190D1CC6CF8000A90B54 /* LaunchScreen.storyboard in Resources */,
				E700D5661CF6245F00574190 /* VBStringViewController.xib in Resources */,
				E79B785B1CEA43D600708B5A /* folder.png in Resources */,
				E7F7190A1CC6CF8000A90B54 /* Assets.xcassets in Resources */,
				E703C8FC1CDB68850026BB1E /* project.logo.png in Resources */,
				E700C3151CF7769000BBB67F /* VBLoadingView.xib in Resources */,
				E71FEC0D1CCD455C0009C204 /* iOS Study Plan.txt in Resources */,
				E700D5631CF6245F00574190 /* VBLableViewController.xib in Resources */,
			);
			runOnlyForDeploymentPostprocessing = 0;
		};
/* End PBXResourcesBuildPhase section */

/* Begin PBXSourcesBuildPhase section */
		E7F718F61CC6CF8000A90B54 /* Sources */ = {
			isa = PBXSourcesBuildPhase;
			buildActionMask = 2147483647;
			files = (
				E70453511CF74A3C00E4E502 /* VBArrayAlphabet.m in Sources */,
				E70453541CF74A3C00E4E502 /* VBAlphabet.m in Sources */,
				E70453591CF74A3C00E4E502 /* VBObserverStateObject.m in Sources */,
				E700D5601CF6245F00574190 /* VBViewModel.m in Sources */,
				E700D5581CF6245F00574190 /* VBSaveArrayModel.m in Sources */,
				E700D5571CF6245F00574190 /* VBArrayModel.m in Sources */,
				E700D5641CF6245F00574190 /* VBStringView.m in Sources */,
				E700D5621CF6245F00574190 /* VBLableViewController.m in Sources */,
				E700D55D1CF6245F00574190 /* VBStringModel.m in Sources */,
				E70453531CF74A3C00E4E502 /* VBStringAlphabet.m in Sources */,
				E70453471CF74A3C00E4E502 /* NSBundle+VBCategory.m in Sources */,
				E700D55C1CF6245F00574190 /* VBStateModel.m in Sources */,
				E704534C1CF74A3C00E4E502 /* UINib+VBCategory.m in Sources */,
				E703C8EA1CDB55EF0026BB1E /* VBAppDelegate.m in Sources */,
				E704534A1CF74A3C00E4E502 /* NSString+VBCategory.m in Sources */,
				E70453491CF74A3C00E4E502 /* NSObject+VBCategory.m in Sources */,
				E70453551CF74A3C00E4E502 /* VBDispatch.m in Sources */,
				E704534F1CF74A3C00E4E502 /* UIViewController+VBCategory.m in Sources */,
				E700D5671CF6245F00574190 /* VBTableViewCell.m in Sources */,
				E70453561CF74A3C00E4E502 /* VBObserver.m in Sources */,
				E70453571CF74A3C00E4E502 /* VBObserverArray.m in Sources */,
				E704534D1CF74A3C00E4E502 /* UITableView+VBCategory.m in Sources */,
				E7F718FF1CC6CF8000A90B54 /* main.m in Sources */,
				E704534B1CF74A3C00E4E502 /* UIImage+VBCategory.m in Sources */,
				E700D5651CF6245F00574190 /* VBStringViewController.m in Sources */,
				E70453461CF74A3C00E4E502 /* CGGeometry+VBCategory.m in Sources */,
				E70453521CF74A3C00E4E502 /* VBRangeAlphabet.m in Sources */,
				E70453501CF74A3C00E4E502 /* UIWindow+VBCategory.m in Sources */,
				E700D5611CF6245F00574190 /* VBLabelView.m in Sources */,
				E70453481CF74A3C00E4E502 /* NSFileManager+VBCategory.m in Sources */,
				E70453581CF74A3C00E4E502 /* VBObserverObject.m in Sources */,
				E700C3141CF7769000BBB67F /* VBLoadingView.m in Sources */,
				E700D55B1CF6245F00574190 /* VBModel.m in Sources */,
				E700D5BB1CF6B1EE00574190 /* VBImageView.m in Sources */,
				E700D55A1CF6245F00574190 /* VBImageModel.m in Sources */,
				E704534E1CF74A3C00E4E502 /* UIView+VBCategory.m in Sources */,
			);
			runOnlyForDeploymentPostprocessing = 0;
		};
/* End PBXSourcesBuildPhase section */

/* Begin PBXVariantGroup section */
		E7F7190B1CC6CF8000A90B54 /* LaunchScreen.storyboard */ = {
			isa = PBXVariantGroup;
			children = (
				E7F7190C1CC6CF8000A90B54 /* Base */,
			);
			name = LaunchScreen.storyboard;
			sourceTree = "<group>";
		};
/* End PBXVariantGroup section */

/* Begin XCBuildConfiguration section */
		E7F7190F1CC6CF8000A90B54 /* Debug */ = {
			isa = XCBuildConfiguration;
			buildSettings = {
				ALWAYS_SEARCH_USER_PATHS = NO;
				CLANG_ANALYZER_NONNULL = YES;
				CLANG_CXX_LANGUAGE_STANDARD = "gnu++0x";
				CLANG_CXX_LIBRARY = "libc++";
				CLANG_ENABLE_MODULES = YES;
				CLANG_ENABLE_OBJC_ARC = YES;
				CLANG_WARN_BOOL_CONVERSION = YES;
				CLANG_WARN_CONSTANT_CONVERSION = YES;
				CLANG_WARN_DIRECT_OBJC_ISA_USAGE = YES_ERROR;
				CLANG_WARN_EMPTY_BODY = YES;
				CLANG_WARN_ENUM_CONVERSION = YES;
				CLANG_WARN_INT_CONVERSION = YES;
				CLANG_WARN_OBJC_ROOT_CLASS = YES_ERROR;
				CLANG_WARN_UNREACHABLE_CODE = YES;
				CLANG_WARN__DUPLICATE_METHOD_MATCH = YES;
				"CODE_SIGN_IDENTITY[sdk=iphoneos*]" = "iPhone Developer";
				COPY_PHASE_STRIP = NO;
				DEBUG_INFORMATION_FORMAT = dwarf;
				ENABLE_STRICT_OBJC_MSGSEND = YES;
				ENABLE_TESTABILITY = YES;
				GCC_C_LANGUAGE_STANDARD = gnu99;
				GCC_DYNAMIC_NO_PIC = NO;
				GCC_NO_COMMON_BLOCKS = YES;
				GCC_OPTIMIZATION_LEVEL = 0;
				GCC_PREPROCESSOR_DEFINITIONS = (
					"DEBUG=1",
					"$(inherited)",
				);
				GCC_WARN_64_TO_32_BIT_CONVERSION = YES;
				GCC_WARN_ABOUT_RETURN_TYPE = YES_ERROR;
				GCC_WARN_UNDECLARED_SELECTOR = YES;
				GCC_WARN_UNINITIALIZED_AUTOS = YES_AGGRESSIVE;
				GCC_WARN_UNUSED_FUNCTION = YES;
				GCC_WARN_UNUSED_VARIABLE = YES;
				IPHONEOS_DEPLOYMENT_TARGET = 9.3;
				MTL_ENABLE_DEBUG_INFO = YES;
				ONLY_ACTIVE_ARCH = YES;
				SDKROOT = iphoneos;
				TARGETED_DEVICE_FAMILY = "1,2";
			};
			name = Debug;
		};
		E7F719101CC6CF8000A90B54 /* Release */ = {
			isa = XCBuildConfiguration;
			buildSettings = {
				ALWAYS_SEARCH_USER_PATHS = NO;
				CLANG_ANALYZER_NONNULL = YES;
				CLANG_CXX_LANGUAGE_STANDARD = "gnu++0x";
				CLANG_CXX_LIBRARY = "libc++";
				CLANG_ENABLE_MODULES = YES;
				CLANG_ENABLE_OBJC_ARC = YES;
				CLANG_WARN_BOOL_CONVERSION = YES;
				CLANG_WARN_CONSTANT_CONVERSION = YES;
				CLANG_WARN_DIRECT_OBJC_ISA_USAGE = YES_ERROR;
				CLANG_WARN_EMPTY_BODY = YES;
				CLANG_WARN_ENUM_CONVERSION = YES;
				CLANG_WARN_INT_CONVERSION = YES;
				CLANG_WARN_OBJC_ROOT_CLASS = YES_ERROR;
				CLANG_WARN_UNREACHABLE_CODE = YES;
				CLANG_WARN__DUPLICATE_METHOD_MATCH = YES;
				"CODE_SIGN_IDENTITY[sdk=iphoneos*]" = "iPhone Developer";
				COPY_PHASE_STRIP = NO;
				DEBUG_INFORMATION_FORMAT = "dwarf-with-dsym";
				ENABLE_NS_ASSERTIONS = NO;
				ENABLE_STRICT_OBJC_MSGSEND = YES;
				GCC_C_LANGUAGE_STANDARD = gnu99;
				GCC_NO_COMMON_BLOCKS = YES;
				GCC_WARN_64_TO_32_BIT_CONVERSION = YES;
				GCC_WARN_ABOUT_RETURN_TYPE = YES_ERROR;
				GCC_WARN_UNDECLARED_SELECTOR = YES;
				GCC_WARN_UNINITIALIZED_AUTOS = YES_AGGRESSIVE;
				GCC_WARN_UNUSED_FUNCTION = YES;
				GCC_WARN_UNUSED_VARIABLE = YES;
				IPHONEOS_DEPLOYMENT_TARGET = 9.3;
				MTL_ENABLE_DEBUG_INFO = NO;
				SDKROOT = iphoneos;
				TARGETED_DEVICE_FAMILY = "1,2";
				VALIDATE_PRODUCT = YES;
			};
			name = Release;
		};
		E7F719121CC6CF8000A90B54 /* Debug */ = {
			isa = XCBuildConfiguration;
			buildSettings = {
				ASSETCATALOG_COMPILER_APPICON_NAME = AppIcon;
				GCC_PREFIX_HEADER = "$(PROJECT_DIR)/IOSProject/VBIOSProject-Prefix.pch";
				INFOPLIST_FILE = IOSProject/Info.plist;
				IPHONEOS_DEPLOYMENT_TARGET = 8.2;
				LD_RUNPATH_SEARCH_PATHS = "$(inherited) @executable_path/Frameworks";
				PRODUCT_BUNDLE_IDENTIFIER = VB.IOSProject;
				PRODUCT_NAME = "$(TARGET_NAME)";
				TARGETED_DEVICE_FAMILY = 1;
			};
			name = Debug;
		};
		E7F719131CC6CF8000A90B54 /* Release */ = {
			isa = XCBuildConfiguration;
			buildSettings = {
				ASSETCATALOG_COMPILER_APPICON_NAME = AppIcon;
				GCC_PREFIX_HEADER = "$(PROJECT_DIR)/IOSProject/VBIOSProject-Prefix.pch";
				INFOPLIST_FILE = IOSProject/Info.plist;
				IPHONEOS_DEPLOYMENT_TARGET = 8.2;
				LD_RUNPATH_SEARCH_PATHS = "$(inherited) @executable_path/Frameworks";
				PRODUCT_BUNDLE_IDENTIFIER = VB.IOSProject;
				PRODUCT_NAME = "$(TARGET_NAME)";
				TARGETED_DEVICE_FAMILY = 1;
			};
			name = Release;
		};
/* End XCBuildConfiguration section */

/* Begin XCConfigurationList section */
		E7F718F51CC6CF8000A90B54 /* Build configuration list for PBXProject "IOSProject" */ = {
			isa = XCConfigurationList;
			buildConfigurations = (
				E7F7190F1CC6CF8000A90B54 /* Debug */,
				E7F719101CC6CF8000A90B54 /* Release */,
			);
			defaultConfigurationIsVisible = 0;
			defaultConfigurationName = Release;
		};
		E7F719111CC6CF8000A90B54 /* Build configuration list for PBXNativeTarget "IOSProject" */ = {
			isa = XCConfigurationList;
			buildConfigurations = (
				E7F719121CC6CF8000A90B54 /* Debug */,
				E7F719131CC6CF8000A90B54 /* Release */,
			);
			defaultConfigurationIsVisible = 0;
			defaultConfigurationName = Release;
		};
/* End XCConfigurationList section */
	};
	rootObject = E7F718F21CC6CF8000A90B54 /* Project object */;
}
